// !$*UTF8*$!
{
	archiveVersion = 1;
	classes = {
	};
	objectVersion = 42;
	objects = {

/* Begin PBXBuildFile section */
		27CF22DA0A46A43A003908E8 /* bitwise.c in Sources */ = {isa = PBXBuildFile; fileRef = 27CF22D80A46A43A003908E8 /* bitwise.c */; };
		27CF22DB0A46A43A003908E8 /* framing.c in Sources */ = {isa = PBXBuildFile; fileRef = 27CF22D90A46A43A003908E8 /* framing.c */; };
		27CF22E10A46A492003908E8 /* ogg.h in Headers */ = {isa = PBXBuildFile; fileRef = 27CF22DF0A46A492003908E8 /* ogg.h */; };
		27CF22E20A46A492003908E8 /* os_types.h in Headers */ = {isa = PBXBuildFile; fileRef = 27CF22E00A46A492003908E8 /* os_types.h */; };
		27CF23EE0A46B243003908E8 /* System.framework in Frameworks */ = {isa = PBXBuildFile; fileRef = 27CF23ED0A46B243003908E8 /* System.framework */; };
		27D77A070A5B316E0046D9D6 /* InfoPlist.strings in Resources */ = {isa = PBXBuildFile; fileRef = 089C1666FE841158C02AAC07 /* InfoPlist.strings */; };
		27D77A090A5B316E0046D9D6 /* bitwise.c in Sources */ = {isa = PBXBuildFile; fileRef = 27CF22D80A46A43A003908E8 /* bitwise.c */; };
		27D77A0A0A5B316E0046D9D6 /* framing.c in Sources */ = {isa = PBXBuildFile; fileRef = 27CF22D90A46A43A003908E8 /* framing.c */; };
		27D77A0C0A5B316E0046D9D6 /* System.framework in Frameworks */ = {isa = PBXBuildFile; fileRef = 27CF23ED0A46B243003908E8 /* System.framework */; };
		8D07F2C00486CC7A007CD1D0 /* InfoPlist.strings in Resources */ = {isa = PBXBuildFile; fileRef = 089C1666FE841158C02AAC07 /* InfoPlist.strings */; };
/* End PBXBuildFile section */

/* Begin PBXFileReference section */
		089C1667FE841158C02AAC07 /* English */ = {isa = PBXFileReference; fileEncoding = 10; lastKnownFileType = text.plist.strings; name = English; path = English.lproj/InfoPlist.strings; sourceTree = "<group>"; };
		27CF22D80A46A43A003908E8 /* bitwise.c */ = {isa = PBXFileReference; fileEncoding = 30; lastKnownFileType = sourcecode.c.c; name = bitwise.c; path = ../../../libogg/src/bitwise.c; sourceTree = SOURCE_ROOT; };
		27CF22D90A46A43A003908E8 /* framing.c */ = {isa = PBXFileReference; fileEncoding = 30; lastKnownFileType = sourcecode.c.c; name = framing.c; path = ../../../libogg/src/framing.c; sourceTree = SOURCE_ROOT; };
		27CF22DF0A46A492003908E8 /* ogg.h */ = {isa = PBXFileReference; fileEncoding = 30; lastKnownFileType = sourcecode.c.h; name = ogg.h; path = ../../../libogg/include/ogg/ogg.h; sourceTree = SOURCE_ROOT; };
		27CF22E00A46A492003908E8 /* os_types.h */ = {isa = PBXFileReference; fileEncoding = 30; lastKnownFileType = sourcecode.c.h; name = os_types.h; path = ../../../libogg/include/ogg/os_types.h; sourceTree = SOURCE_ROOT; };
		27CF23ED0A46B243003908E8 /* System.framework */ = {isa = PBXFileReference; lastKnownFileType = wrapper.framework; name = System.framework; path = /System/Library/Frameworks/System.framework; sourceTree = "<absolute>"; };
		27D77A120A5B316E0046D9D6 /* ogg.framework */ = {isa = PBXFileReference; explicitFileType = wrapper.framework; includeInIndex = 0; path = ogg.framework; sourceTree = BUILT_PRODUCTS_DIR; };
		8D07F2C70486CC7A007CD1D0 /* Info-10.3.plist */ = {isa = PBXFileReference; fileEncoding = 4; lastKnownFileType = text.xml; path = "Info-10.3.plist"; sourceTree = "<group>"; };
		8D07F2C80486CC7A007CD1D0 /* ogg.framework */ = {isa = PBXFileReference; explicitFileType = wrapper.framework; includeInIndex = 0; path = ogg.framework; sourceTree = BUILT_PRODUCTS_DIR; };
/* End PBXFileReference section */

/* Begin PBXFrameworksBuildPhase section */
		27D77A0B0A5B316E0046D9D6 /* Frameworks */ = {
			isa = PBXFrameworksBuildPhase;
			buildActionMask = 2147483647;
			files = (
				27D77A0C0A5B316E0046D9D6 /* System.framework in Frameworks */,
			);
			runOnlyForDeploymentPostprocessing = 0;
		};
		8D07F2C30486CC7A007CD1D0 /* Frameworks */ = {
			isa = PBXFrameworksBuildPhase;
			buildActionMask = 2147483647;
			files = (
				27CF23EE0A46B243003908E8 /* System.framework in Frameworks */,
			);
			runOnlyForDeploymentPostprocessing = 0;
		};
/* End PBXFrameworksBuildPhase section */

/* Begin PBXGroup section */
		034768DDFF38A45A11DB9C8B /* Products */ = {
			isa = PBXGroup;
			children = (
				8D07F2C80486CC7A007CD1D0 /* ogg.framework */,
				27D77A120A5B316E0046D9D6 /* ogg.framework */,
			);
			name = Products;
			sourceTree = "<group>";
		};
		0867D691FE84028FC02AAC07 /* ogg */ = {
			isa = PBXGroup;
			children = (
				27CF22DC0A46A442003908E8 /* Headers */,
				08FB77ACFE841707C02AAC07 /* Source */,
				089C1665FE841158C02AAC07 /* Resources */,
				27CF23EC0A46B20C003908E8 /* External Frameworks and Libraries */,
				034768DDFF38A45A11DB9C8B /* Products */,
			);
			name = ogg;
			sourceTree = "<group>";
		};
		089C1665FE841158C02AAC07 /* Resources */ = {
			isa = PBXGroup;
			children = (
				8D07F2C70486CC7A007CD1D0 /* Info-10.3.plist */,
				089C1666FE841158C02AAC07 /* InfoPlist.strings */,
			);
			name = Resources;
			sourceTree = "<group>";
		};
		08FB77ACFE841707C02AAC07 /* Source */ = {
			isa = PBXGroup;
			children = (
				27CF22D80A46A43A003908E8 /* bitwise.c */,
				27CF22D90A46A43A003908E8 /* framing.c */,
			);
			name = Source;
			sourceTree = "<group>";
		};
		27CF22DC0A46A442003908E8 /* Headers */ = {
			isa = PBXGroup;
			children = (
				27CF22DF0A46A492003908E8 /* ogg.h */,
				27CF22E00A46A492003908E8 /* os_types.h */,
			);
			name = Headers;
			sourceTree = "<group>";
		};
		27CF23EC0A46B20C003908E8 /* External Frameworks and Libraries */ = {
			isa = PBXGroup;
			children = (
				27CF23ED0A46B243003908E8 /* System.framework */,
			);
			name = "External Frameworks and Libraries";
			sourceTree = "<group>";
		};
/* End PBXGroup section */

/* Begin PBXHeadersBuildPhase section */
		8D07F2BD0486CC7A007CD1D0 /* Headers */ = {
			isa = PBXHeadersBuildPhase;
			buildActionMask = 2147483647;
			files = (
				27CF22E10A46A492003908E8 /* ogg.h in Headers */,
				27CF22E20A46A492003908E8 /* os_types.h in Headers */,
			);
			runOnlyForDeploymentPostprocessing = 0;
		};
/* End PBXHeadersBuildPhase section */

/* Begin PBXNativeTarget section */
		27D77A020A5B316E0046D9D6 /* ogg-10.4u */ = {
			isa = PBXNativeTarget;
			buildConfigurationList = 27D77A0E0A5B316E0046D9D6 /* Build configuration list for PBXNativeTarget "ogg-10.4u" */;
			buildPhases = (
				27D77A060A5B316E0046D9D6 /* Resources */,
				27D77A080A5B316E0046D9D6 /* Sources */,
				27D77A0B0A5B316E0046D9D6 /* Frameworks */,
				27D77A0D0A5B316E0046D9D6 /* Rez */,
			);
			buildRules = (
			);
			dependencies = (
			);
			name = "ogg-10.4u";
			productInstallPath = "$(HOME)/Library/Frameworks";
			productName = ogg;
			productReference = 27D77A120A5B316E0046D9D6 /* ogg.framework */;
			productType = "com.apple.product-type.framework";
		};
		8D07F2BC0486CC7A007CD1D0 /* ogg-10.3 */ = {
			isa = PBXNativeTarget;
			buildConfigurationList = 4FADC24208B4156D00ABE55E /* Build configuration list for PBXNativeTarget "ogg-10.3" */;
			buildPhases = (
				8D07F2BD0486CC7A007CD1D0 /* Headers */,
				8D07F2BF0486CC7A007CD1D0 /* Resources */,
				8D07F2C10486CC7A007CD1D0 /* Sources */,
				8D07F2C30486CC7A007CD1D0 /* Frameworks */,
				8D07F2C50486CC7A007CD1D0 /* Rez */,
			);
			buildRules = (
			);
			dependencies = (
			);
			name = "ogg-10.3";
			productInstallPath = "$(HOME)/Library/Frameworks";
			productName = ogg;
			productReference = 8D07F2C80486CC7A007CD1D0 /* ogg.framework */;
			productType = "com.apple.product-type.framework";
		};
/* End PBXNativeTarget section */

/* Begin PBXProject section */
		0867D690FE84028FC02AAC07 /* Project object */ = {
			isa = PBXProject;
			buildConfigurationList = 4FADC24608B4156D00ABE55E /* Build configuration list for PBXProject "ogg" */;
			hasScannedForEncodings = 1;
			mainGroup = 0867D691FE84028FC02AAC07 /* ogg */;
			productRefGroup = 034768DDFF38A45A11DB9C8B /* Products */;
			projectDirPath = "";
			targets = (
				8D07F2BC0486CC7A007CD1D0 /* ogg-10.3 */,
				27D77A020A5B316E0046D9D6 /* ogg-10.4u */,
			);
		};
/* End PBXProject section */

/* Begin PBXResourcesBuildPhase section */
		27D77A060A5B316E0046D9D6 /* Resources */ = {
			isa = PBXResourcesBuildPhase;
			buildActionMask = 2147483647;
			files = (
				27D77A070A5B316E0046D9D6 /* InfoPlist.strings in Resources */,
			);
			runOnlyForDeploymentPostprocessing = 0;
		};
		8D07F2BF0486CC7A007CD1D0 /* Resources */ = {
			isa = PBXResourcesBuildPhase;
			buildActionMask = 2147483647;
			files = (
				8D07F2C00486CC7A007CD1D0 /* InfoPlist.strings in Resources */,
			);
			runOnlyForDeploymentPostprocessing = 0;
		};
/* End PBXResourcesBuildPhase section */

/* Begin PBXRezBuildPhase section */
		27D77A0D0A5B316E0046D9D6 /* Rez */ = {
			isa = PBXRezBuildPhase;
			buildActionMask = 2147483647;
			files = (
			);
			runOnlyForDeploymentPostprocessing = 0;
		};
		8D07F2C50486CC7A007CD1D0 /* Rez */ = {
			isa = PBXRezBuildPhase;
			buildActionMask = 2147483647;
			files = (
			);
			runOnlyForDeploymentPostprocessing = 0;
		};
/* End PBXRezBuildPhase section */

/* Begin PBXSourcesBuildPhase section */
		27D77A080A5B316E0046D9D6 /* Sources */ = {
			isa = PBXSourcesBuildPhase;
			buildActionMask = 2147483647;
			files = (
				27D77A090A5B316E0046D9D6 /* bitwise.c in Sources */,
				27D77A0A0A5B316E0046D9D6 /* framing.c in Sources */,
			);
			runOnlyForDeploymentPostprocessing = 0;
		};
		8D07F2C10486CC7A007CD1D0 /* Sources */ = {
			isa = PBXSourcesBuildPhase;
			buildActionMask = 2147483647;
			files = (
				27CF22DA0A46A43A003908E8 /* bitwise.c in Sources */,
				27CF22DB0A46A43A003908E8 /* framing.c in Sources */,
			);
			runOnlyForDeploymentPostprocessing = 0;
		};
/* End PBXSourcesBuildPhase section */

/* Begin PBXVariantGroup section */
		089C1666FE841158C02AAC07 /* InfoPlist.strings */ = {
			isa = PBXVariantGroup;
			children = (
				089C1667FE841158C02AAC07 /* English */,
			);
			name = InfoPlist.strings;
			sourceTree = "<group>";
		};
/* End PBXVariantGroup section */

/* Begin XCBuildConfiguration section */
		270086690A5D956300AC2A79 /* QA */ = {
			isa = XCBuildConfiguration;
			buildSettings = {
				ARCHS = ppc;
				COPY_PHASE_STRIP = NO;
				DEPLOYMENT_LOCATION = NO;
				DEPLOYMENT_POSTPROCESSING = NO;
				DYLIB_COMPATIBILITY_VERSION = 1;
				DYLIB_CURRENT_VERSION = 1;
				FRAMEWORK_VERSION = A;
				GCC_ENABLE_FIX_AND_CONTINUE = NO;
				GCC_GENERATE_DEBUGGING_SYMBOLS = NO;
				GCC_MODEL_TUNING = G4;
				GCC_OPTIMIZATION_LEVEL = s;
				GCC_PRECOMPILE_PREFIX_HEADER = NO;
				GCC_PREFIX_HEADER = "";
				INFOPLIST_FILE = "Info-10.3.plist";
				INSTALL_PATH = "@executable_path/../Frameworks";
				LIBRARY_STYLE = DYNAMIC;
				MACH_O_TYPE = mh_dylib;
				MACOSX_DEPLOYMENT_TARGET = 10.3;
				OBJROOT = "$(SYMROOT)/build";
				PRODUCT_NAME = ogg;
				SDKROOT = /Developer/SDKs/MacOSX10.3.9.sdk;
				SKIP_INSTALL = YES;
				STRIP_INSTALLED_PRODUCT = YES;
				SYMROOT = "$(SYMROOT)/$(MACOSX_DEPLOYMENT_TARGET)";
				WRAPPER_EXTENSION = framework;
				ZERO_LINK = NO;
			};
			name = QA;
		};
		2700866A0A5D956300AC2A79 /* QA */ = {
			isa = XCBuildConfiguration;
			buildSettings = {
				ARCHS = (
					ppc,
					i386,
				);
				COPY_PHASE_STRIP = NO;
				DEPLOYMENT_LOCATION = NO;
				DEPLOYMENT_POSTPROCESSING = NO;
				DYLIB_COMPATIBILITY_VERSION = 1;
				DYLIB_CURRENT_VERSION = 1;
				FRAMEWORK_VERSION = A;
				GCC_ENABLE_FIX_AND_CONTINUE = NO;
				GCC_GENERATE_DEBUGGING_SYMBOLS = NO;
				GCC_MODEL_TUNING = G4;
				GCC_OPTIMIZATION_LEVEL = s;
				GCC_PRECOMPILE_PREFIX_HEADER = NO;
				GCC_PREFIX_HEADER = "";
				INFOPLIST_FILE = Info.plist;
				INFOPLIST_PREPROCESS = NO;
				INSTALL_PATH = "@executable_path/../Frameworks";
				LIBRARY_STYLE = DYNAMIC;
				MACH_O_TYPE = mh_dylib;
				MACOSX_DEPLOYMENT_TARGET = 10.4;
				OBJROOT = "$(SYMROOT)/build";
				PRODUCT_NAME = ogg;
				SKIP_INSTALL = YES;
				STRIP_INSTALLED_PRODUCT = NO;
				SYMROOT = "$(SYMROOT)/$(MACOSX_DEPLOYMENT_TARGET)";
				WRAPPER_EXTENSION = framework;
				ZERO_LINK = NO;
			};
			name = QA;
		};
		2700866B0A5D956300AC2A79 /* QA */ = {
			isa = XCBuildConfiguration;
			buildSettings = {
				ARCHS = (
					i386,
					ppc,
				);
				DEPLOYMENT_LOCATION = NO;
				DEPLOYMENT_POSTPROCESSING = NO;
				DSTROOT = "";
				GCC_WARN_ABOUT_RETURN_TYPE = YES;
				GCC_WARN_UNUSED_VARIABLE = YES;
				OBJROOT = "$(SYMROOT)/build";
				PREBINDING = NO;
				SDKROOT = /Developer/SDKs/MacOSX10.4u.sdk;
				STRIP_STYLE = debugging;
				SYMROOT = "$(SYMROOT)";
				USER_HEADER_SEARCH_PATHS = ". ../../../libogg/include $(inherited)";
			};
			name = QA;
		};
		27D77A0F0A5B316E0046D9D6 /* Debug */ = {
			isa = XCBuildConfiguration;
			buildSettings = {
				BUILD_VARIANTS = normal;
				COPY_PHASE_STRIP = NO;
				DEPLOYMENT_LOCATION = NO;
				DEPLOYMENT_POSTPROCESSING = NO;
				DSTROOT = "";
				DYLIB_COMPATIBILITY_VERSION = 1;
				DYLIB_CURRENT_VERSION = 1;
				FRAMEWORK_VERSION = A;
				GCC_DYNAMIC_NO_PIC = NO;
				GCC_ENABLE_FIX_AND_CONTINUE = YES;
				GCC_MODEL_TUNING = G4;
				GCC_OPTIMIZATION_LEVEL = 0;
				GCC_PRECOMPILE_PREFIX_HEADER = NO;
				GCC_PREFIX_HEADER = "";
				INFOPLIST_FILE = Info.plist;
				INFOPLIST_PREPROCESS = NO;
				INSTALL_PATH = "@executable_path/../Frameworks";
				LIBRARY_STYLE = DYNAMIC;
				MACH_O_TYPE = mh_dylib;
				MACOSX_DEPLOYMENT_TARGET = 10.4;
				OBJROOT = "$(SYMROOT)/build";
				PRODUCT_NAME = ogg;
				SKIP_INSTALL = YES;
				SYMROOT = "$(SYMROOT)/$(MACOSX_DEPLOYMENT_TARGET)";
				WRAPPER_EXTENSION = framework;
				ZERO_LINK = NO;
			};
			name = Debug;
		};
		27D77A100A5B316E0046D9D6 /* Release */ = {
			isa = XCBuildConfiguration;
			buildSettings = {
				ARCHS = (
					ppc,
					i386,
				);
				COPY_PHASE_STRIP = NO;
				DEPLOYMENT_LOCATION = NO;
				DEPLOYMENT_POSTPROCESSING = NO;
				DYLIB_COMPATIBILITY_VERSION = 1;
				DYLIB_CURRENT_VERSION = 1;
				FRAMEWORK_VERSION = A;
				GCC_ENABLE_FIX_AND_CONTINUE = NO;
				GCC_GENERATE_DEBUGGING_SYMBOLS = NO;
				GCC_MODEL_TUNING = G4;
				GCC_OPTIMIZATION_LEVEL = s;
				GCC_PRECOMPILE_PREFIX_HEADER = NO;
				GCC_PREFIX_HEADER = "";
				INFOPLIST_FILE = Info.plist;
				INFOPLIST_PREPROCESS = NO;
				INSTALL_PATH = "@executable_path/../Frameworks";
				LIBRARY_STYLE = DYNAMIC;
				MACH_O_TYPE = mh_dylib;
				MACOSX_DEPLOYMENT_TARGET = 10.4;
				OBJROOT = "$(SYMROOT)/build";
				PRODUCT_NAME = ogg;
				SKIP_INSTALL = YES;
				STRIP_INSTALLED_PRODUCT = NO;
				SYMROOT = "$(SYMROOT)/$(MACOSX_DEPLOYMENT_TARGET)";
				WRAPPER_EXTENSION = framework;
				ZERO_LINK = NO;
			};
			name = Release;
		};
		4FADC24308B4156D00ABE55E /* Debug */ = {
			isa = XCBuildConfiguration;
			buildSettings = {
				ARCHS = ppc;
				BUILD_VARIANTS = normal;
				COPY_PHASE_STRIP = NO;
				DEPLOYMENT_LOCATION = NO;
				DEPLOYMENT_POSTPROCESSING = NO;
				DSTROOT = "";
				DYLIB_COMPATIBILITY_VERSION = 1;
				DYLIB_CURRENT_VERSION = 1;
				FRAMEWORK_VERSION = A;
				GCC_DYNAMIC_NO_PIC = NO;
				GCC_ENABLE_FIX_AND_CONTINUE = YES;
				GCC_MODEL_TUNING = G4;
				GCC_OPTIMIZATION_LEVEL = 0;
				GCC_PRECOMPILE_PREFIX_HEADER = NO;
				GCC_PREFIX_HEADER = "";
				INFOPLIST_FILE = "Info-10.3.plist";
				INSTALL_PATH = "@executable_path/../Frameworks";
				LIBRARY_STYLE = DYNAMIC;
				MACH_O_TYPE = mh_dylib;
				MACOSX_DEPLOYMENT_TARGET = 10.3;
				OBJROOT = "$(SYMROOT)/build";
				PRODUCT_NAME = ogg;
				SDKROOT = /Developer/SDKs/MacOSX10.3.9.sdk;
				SKIP_INSTALL = YES;
				SYMROOT = "$(SYMROOT)/$(MACOSX_DEPLOYMENT_TARGET)";
				WRAPPER_EXTENSION = framework;
				ZERO_LINK = NO;
			};
			name = Debug;
		};
		4FADC24408B4156D00ABE55E /* Release */ = {
			isa = XCBuildConfiguration;
			buildSettings = {
				ARCHS = ppc;
				COPY_PHASE_STRIP = NO;
				DEPLOYMENT_LOCATION = NO;
				DEPLOYMENT_POSTPROCESSING = NO;
				DYLIB_COMPATIBILITY_VERSION = 1;
				DYLIB_CURRENT_VERSION = 1;
				FRAMEWORK_VERSION = A;
				GCC_ENABLE_FIX_AND_CONTINUE = NO;
				GCC_GENERATE_DEBUGGING_SYMBOLS = NO;
				GCC_MODEL_TUNING = G4;
				GCC_OPTIMIZATION_LEVEL = s;
				GCC_PRECOMPILE_PREFIX_HEADER = NO;
				GCC_PREFIX_HEADER = "";
				INFOPLIST_FILE = "Info-10.3.plist";
				INSTALL_PATH = "@executable_path/../Frameworks";
				LIBRARY_STYLE = DYNAMIC;
				MACH_O_TYPE = mh_dylib;
				MACOSX_DEPLOYMENT_TARGET = 10.3;
				OBJROOT = "$(SYMROOT)/build";
				PRODUCT_NAME = ogg;
				SDKROOT = /Developer/SDKs/MacOSX10.3.9.sdk;
				SKIP_INSTALL = YES;
				STRIP_INSTALLED_PRODUCT = YES;
				SYMROOT = "$(SYMROOT)/$(MACOSX_DEPLOYMENT_TARGET)";
				WRAPPER_EXTENSION = framework;
				ZERO_LINK = NO;
			};
			name = Release;
		};
		4FADC24708B4156D00ABE55E /* Debug */ = {
			isa = XCBuildConfiguration;
			buildSettings = {
				BUILD_VARIANTS = debug;
				COPY_PHASE_STRIP = NO;
				DEPLOYMENT_LOCATION = NO;
				DEPLOYMENT_POSTPROCESSING = NO;
				DSTROOT = "";
				GCC_WARN_ABOUT_RETURN_TYPE = YES;
				GCC_WARN_UNUSED_VARIABLE = YES;
				INSTALL_MODE_FLAG = "a-w,a+rX";
				INSTALL_PATH = "";
				OBJROOT = "$(SYMROOT)/build";
				PREBINDING = NO;
				SDKROOT = /Developer/SDKs/MacOSX10.4u.sdk;
				STRIP_INSTALLED_PRODUCT = NO;
				SYMROOT = "$(SYMROOT)";
				USER_HEADER_SEARCH_PATHS = ". ../../../libogg/include $(inherited)";
			};
			name = Debug;
		};
		4FADC24808B4156D00ABE55E /* Release */ = {
			isa = XCBuildConfiguration;
			buildSettings = {
				ARCHS = (
					i386,
					ppc,
				);
				DEPLOYMENT_LOCATION = NO;
				DEPLOYMENT_POSTPROCESSING = NO;
				DSTROOT = "";
				GCC_WARN_ABOUT_RETURN_TYPE = YES;
				GCC_WARN_UNUSED_VARIABLE = YES;
				OBJROOT = "$(SYMROOT)/build";
				PREBINDING = NO;
				SDKROOT = /Developer/SDKs/MacOSX10.4u.sdk;
				STRIP_STYLE = debugging;
				SYMROOT = "$(SYMROOT)";
				USER_HEADER_SEARCH_PATHS = ". ../../../libogg/include $(inherited)";
			};
			name = Release;
		};
/* End XCBuildConfiguration section */

/* Begin XCConfigurationList section */
		27D77A0E0A5B316E0046D9D6 /* Build configuration list for PBXNativeTarget "ogg-10.4u" */ = {
			isa = XCConfigurationList;
			buildConfigurations = (
				27D77A0F0A5B316E0046D9D6 /* Debug */,
				27D77A100A5B316E0046D9D6 /* Release */,
				2700866A0A5D956300AC2A79 /* QA */,
			);
			defaultConfigurationIsVisible = 0;
			defaultConfigurationName = Release;
		};
		4FADC24208B4156D00ABE55E /* Build configuration list for PBXNativeTarget "ogg-10.3" */ = {
			isa = XCConfigurationList;
			buildConfigurations = (
				4FADC24308B4156D00ABE55E /* Debug */,
				4FADC24408B4156D00ABE55E /* Release */,
				270086690A5D956300AC2A79 /* QA */,
			);
			defaultConfigurationIsVisible = 0;
			defaultConfigurationName = Release;
		};
		4FADC24608B4156D00ABE55E /* Build configuration list for PBXProject "ogg" */ = {
			isa = XCConfigurationList;
			buildConfigurations = (
				4FADC24708B4156D00ABE55E /* Debug */,
				4FADC24808B4156D00ABE55E /* Release */,
				2700866B0A5D956300AC2A79 /* QA */,
			);
			defaultConfigurationIsVisible = 0;
			defaultConfigurationName = Release;
		};
/* End XCConfigurationList section */
	};
	rootObject = 0867D690FE84028FC02AAC07 /* Project object */;
}
