// !$*UTF8*$!
{
	archiveVersion = 1;
	classes = {
	};
	objectVersion = 42;
	objects = {

/* Begin PBXBuildFile section */
		2701F4C30AFEFFF100B87012 /* ZPCMSource.cpp in Sources */ = {isa = PBXBuildFile; fileRef = 2701F4C20AFEFFF100B87012 /* ZPCMSource.cpp */; };
		2701F4C40AFEFFF200B87012 /* ZPCMSource.cpp in Sources */ = {isa = PBXBuildFile; fileRef = 2701F4C20AFEFFF100B87012 /* ZPCMSource.cpp */; };
		2703994C0B0C6DE2000BD7C8 /* System.framework in Frameworks */ = {isa = PBXBuildFile; fileRef = 2703994B0B0C6DE2000BD7C8 /* System.framework */; };
		2703994D0B0C6DE2000BD7C8 /* System.framework in Frameworks */ = {isa = PBXBuildFile; fileRef = 2703994B0B0C6DE2000BD7C8 /* System.framework */; };
		2707C85A0B0980140021E344 /* ogg.framework in Frameworks */ = {isa = PBXBuildFile; fileRef = 2707C8520B0980140021E344 /* ogg.framework */; };
		2707C85B0B0980140021E344 /* vorbis.framework in Frameworks */ = {isa = PBXBuildFile; fileRef = 2707C8530B0980140021E344 /* vorbis.framework */; };
		2707C85C0B0980140021E344 /* Mad.framework in Frameworks */ = {isa = PBXBuildFile; fileRef = 2707C8540B0980140021E344 /* Mad.framework */; };
		2707C85D0B0980140021E344 /* ID3Tag.framework in Frameworks */ = {isa = PBXBuildFile; fileRef = 2707C8550B0980140021E344 /* ID3Tag.framework */; };
		2707C85E0B09801C0021E344 /* ogg.framework in CopyFiles */ = {isa = PBXBuildFile; fileRef = 2707C8520B0980140021E344 /* ogg.framework */; };
		2707C85F0B09801C0021E344 /* vorbis.framework in CopyFiles */ = {isa = PBXBuildFile; fileRef = 2707C8530B0980140021E344 /* vorbis.framework */; };
		2707C8600B09801C0021E344 /* Mad.framework in CopyFiles */ = {isa = PBXBuildFile; fileRef = 2707C8540B0980140021E344 /* Mad.framework */; };
		2707C8610B09801C0021E344 /* ID3Tag.framework in CopyFiles */ = {isa = PBXBuildFile; fileRef = 2707C8550B0980140021E344 /* ID3Tag.framework */; };
		2707C8E00B0987BF0021E344 /* Mad.framework in Frameworks */ = {isa = PBXBuildFile; fileRef = 2707C8DC0B0987BF0021E344 /* Mad.framework */; };
		2707C8E10B0987BF0021E344 /* ID3Tag.framework in Frameworks */ = {isa = PBXBuildFile; fileRef = 2707C8DD0B0987BF0021E344 /* ID3Tag.framework */; };
		2707C8E20B0987BF0021E344 /* ogg.framework in Frameworks */ = {isa = PBXBuildFile; fileRef = 2707C8DE0B0987BF0021E344 /* ogg.framework */; };
		2707C8E30B0987BF0021E344 /* vorbis.framework in Frameworks */ = {isa = PBXBuildFile; fileRef = 2707C8DF0B0987BF0021E344 /* vorbis.framework */; };
		2707C8E90B0987D80021E344 /* Mad.framework in CopyFiles */ = {isa = PBXBuildFile; fileRef = 2707C8DC0B0987BF0021E344 /* Mad.framework */; };
		2707C8EA0B0987D80021E344 /* ID3Tag.framework in CopyFiles */ = {isa = PBXBuildFile; fileRef = 2707C8DD0B0987BF0021E344 /* ID3Tag.framework */; };
		2707C8EB0B0987D80021E344 /* ogg.framework in CopyFiles */ = {isa = PBXBuildFile; fileRef = 2707C8DE0B0987BF0021E344 /* ogg.framework */; };
		2707C8EC0B0987D80021E344 /* vorbis.framework in CopyFiles */ = {isa = PBXBuildFile; fileRef = 2707C8DF0B0987BF0021E344 /* vorbis.framework */; };
		27096A560B0AE157003EB35C /* ZFIFOVector.h in CopyFiles */ = {isa = PBXBuildFile; fileRef = 27096A550B0AE157003EB35C /* ZFIFOVector.h */; };
		272C9D540A5C744300921232 /* libzoo.a in Frameworks */ = {isa = PBXBuildFile; fileRef = 272C9D530A5C744300921232 /* libzoo.a */; };
		272C9D550A5C744300921232 /* libzoo.a in Frameworks */ = {isa = PBXBuildFile; fileRef = 272C9D530A5C744300921232 /* libzoo.a */; };
		2743C50E0A47656300FC5BE8 /* AudioToolbox.framework in Frameworks */ = {isa = PBXBuildFile; fileRef = 2743C50C0A47656300FC5BE8 /* AudioToolbox.framework */; };
		2743C50F0A47656300FC5BE8 /* AudioUnit.framework in Frameworks */ = {isa = PBXBuildFile; fileRef = 2743C50D0A47656300FC5BE8 /* AudioUnit.framework */; };
		27813DE70A6C996E001E4224 /* OFApp.cpp in Sources */ = {isa = PBXBuildFile; fileRef = 27813DE20A6C996E001E4224 /* OFApp.cpp */; };
		27813DEC0A6C996E001E4224 /* OFApp.cpp in Sources */ = {isa = PBXBuildFile; fileRef = 27813DE20A6C996E001E4224 /* OFApp.cpp */; };
		27813E0A0A6C9DC3001E4224 /* ZPCMQueue.cpp in Sources */ = {isa = PBXBuildFile; fileRef = 27813E000A6C9DC3001E4224 /* ZPCMQueue.cpp */; };
		27813E0E0A6C9DC3001E4224 /* ZPCMSink.cpp in Sources */ = {isa = PBXBuildFile; fileRef = 27813E040A6C9DC3001E4224 /* ZPCMSink.cpp */; };
		27813E100A6C9DC3001E4224 /* ZUI_FuelGage.cpp in Sources */ = {isa = PBXBuildFile; fileRef = 27813E060A6C9DC3001E4224 /* ZUI_FuelGage.cpp */; };
		27813E140A6C9DC3001E4224 /* ZPCMQueue.cpp in Sources */ = {isa = PBXBuildFile; fileRef = 27813E000A6C9DC3001E4224 /* ZPCMQueue.cpp */; };
		27813E180A6C9DC3001E4224 /* ZPCMSink.cpp in Sources */ = {isa = PBXBuildFile; fileRef = 27813E040A6C9DC3001E4224 /* ZPCMSink.cpp */; };
		27813E1A0A6C9DC3001E4224 /* ZUI_FuelGage.cpp in Sources */ = {isa = PBXBuildFile; fileRef = 27813E060A6C9DC3001E4224 /* ZUI_FuelGage.cpp */; };
		27813E510A6CB747001E4224 /* OFDiagnosticWindow.cpp in Sources */ = {isa = PBXBuildFile; fileRef = 27813E500A6CB747001E4224 /* OFDiagnosticWindow.cpp */; };
		27813E520A6CB747001E4224 /* OFDiagnosticWindow.cpp in Sources */ = {isa = PBXBuildFile; fileRef = 27813E500A6CB747001E4224 /* OFDiagnosticWindow.cpp */; };
		27813E690A6CB98A001E4224 /* ZPCMSink_CoreAudio.cpp in Sources */ = {isa = PBXBuildFile; fileRef = 27813E680A6CB98A001E4224 /* ZPCMSink_CoreAudio.cpp */; };
		27813E6A0A6CB98A001E4224 /* ZPCMSink_CoreAudio.cpp in Sources */ = {isa = PBXBuildFile; fileRef = 27813E680A6CB98A001E4224 /* ZPCMSink_CoreAudio.cpp */; };
		27813E700A6CB9E2001E4224 /* VorbisPlayer.cpp in Sources */ = {isa = PBXBuildFile; fileRef = 27813E6F0A6CB9E2001E4224 /* VorbisPlayer.cpp */; };
		27813E710A6CB9E2001E4224 /* VorbisPlayer.cpp in Sources */ = {isa = PBXBuildFile; fileRef = 27813E6F0A6CB9E2001E4224 /* VorbisPlayer.cpp */; };
		27813E750A6CBA24001E4224 /* FIFOReportPane.cpp in Sources */ = {isa = PBXBuildFile; fileRef = 27813E740A6CBA24001E4224 /* FIFOReportPane.cpp */; };
		27813E760A6CBA24001E4224 /* FIFOReportPane.cpp in Sources */ = {isa = PBXBuildFile; fileRef = 27813E740A6CBA24001E4224 /* FIFOReportPane.cpp */; };
		27813E7B0A6CBA77001E4224 /* ZFIFOMonitor_PCM.cpp in Sources */ = {isa = PBXBuildFile; fileRef = 27813E7A0A6CBA77001E4224 /* ZFIFOMonitor_PCM.cpp */; };
		27813E7C0A6CBA77001E4224 /* ZFIFOMonitor_PCM.cpp in Sources */ = {isa = PBXBuildFile; fileRef = 27813E7A0A6CBA77001E4224 /* ZFIFOMonitor_PCM.cpp */; };
		279B9AB70A5B9C380075F402 /* OFMain.cpp in Sources */ = {isa = PBXBuildFile; fileRef = 27E0DDD20A4492DE00B4AAA0 /* OFMain.cpp */; };
		279B9AC10A5B9C380075F402 /* AudioToolbox.framework in Frameworks */ = {isa = PBXBuildFile; fileRef = 2743C50C0A47656300FC5BE8 /* AudioToolbox.framework */; };
		279B9AC20A5B9C380075F402 /* AudioUnit.framework in Frameworks */ = {isa = PBXBuildFile; fileRef = 2743C50D0A47656300FC5BE8 /* AudioUnit.framework */; };
		27CC6A750B1EC77000C458EA /* ZAudioPlayer.cpp in Sources */ = {isa = PBXBuildFile; fileRef = 27CC6A730B1EC77000C458EA /* ZAudioPlayer.cpp */; };
		27CC6A760B1EC77000C458EA /* ZAudioPlayer.h in CopyFiles */ = {isa = PBXBuildFile; fileRef = 27CC6A740B1EC77000C458EA /* ZAudioPlayer.h */; };
		27CC6A770B1EC77000C458EA /* ZAudioPlayer.cpp in Sources */ = {isa = PBXBuildFile; fileRef = 27CC6A730B1EC77000C458EA /* ZAudioPlayer.cpp */; };
		27CC6A780B1EC77000C458EA /* ZAudioPlayer.h in CopyFiles */ = {isa = PBXBuildFile; fileRef = 27CC6A740B1EC77000C458EA /* ZAudioPlayer.h */; };
		27E0DDD60A4492DE00B4AAA0 /* OFMain.cpp in Sources */ = {isa = PBXBuildFile; fileRef = 27E0DDD20A4492DE00B4AAA0 /* OFMain.cpp */; };
		27E49A820AFF07F400DFB528 /* ZPCMSource_Mad.cpp in Sources */ = {isa = PBXBuildFile; fileRef = 27E49A810AFF07F400DFB528 /* ZPCMSource_Mad.cpp */; };
		27E49A830AFF07F400DFB528 /* ZPCMSource_Mad.cpp in Sources */ = {isa = PBXBuildFile; fileRef = 27E49A810AFF07F400DFB528 /* ZPCMSource_Mad.cpp */; };
/* End PBXBuildFile section */

/* Begin PBXCopyFilesBuildPhase section */
		273974120A5E1992004F9ECF /* CopyFiles */ = {
			isa = PBXCopyFilesBuildPhase;
			buildActionMask = 2147483647;
			dstPath = "";
			dstSubfolderSpec = 10;
			files = (
				2707C85E0B09801C0021E344 /* ogg.framework in CopyFiles */,
				2707C85F0B09801C0021E344 /* vorbis.framework in CopyFiles */,
				2707C8600B09801C0021E344 /* Mad.framework in CopyFiles */,
				2707C8610B09801C0021E344 /* ID3Tag.framework in CopyFiles */,
				27CC6A780B1EC77000C458EA /* ZAudioPlayer.h in CopyFiles */,
			);
			runOnlyForDeploymentPostprocessing = 0;
		};
		273974220A5E1A37004F9ECF /* CopyFiles */ = {
			isa = PBXCopyFilesBuildPhase;
			buildActionMask = 2147483647;
			dstPath = "";
			dstSubfolderSpec = 10;
			files = (
				2707C8E90B0987D80021E344 /* Mad.framework in CopyFiles */,
				2707C8EA0B0987D80021E344 /* ID3Tag.framework in CopyFiles */,
				2707C8EB0B0987D80021E344 /* ogg.framework in CopyFiles */,
				2707C8EC0B0987D80021E344 /* vorbis.framework in CopyFiles */,
				27096A560B0AE157003EB35C /* ZFIFOVector.h in CopyFiles */,
				27CC6A760B1EC77000C458EA /* ZAudioPlayer.h in CopyFiles */,
			);
			runOnlyForDeploymentPostprocessing = 0;
		};
/* End PBXCopyFilesBuildPhase section */

/* Begin PBXFileReference section */
		0867D6ABFE840B52C02AAC07 /* English */ = {isa = PBXFileReference; fileEncoding = 10; lastKnownFileType = text.plist.strings; name = English; path = English.lproj/InfoPlist.strings; sourceTree = "<group>"; };
		20286C33FDCF999611CA2CEA /* Carbon.framework */ = {isa = PBXFileReference; lastKnownFileType = wrapper.framework; name = Carbon.framework; path = /System/Library/Frameworks/Carbon.framework; sourceTree = "<absolute>"; };
		2701F4970AFEFD2C00B87012 /* ZPCMSource.h */ = {isa = PBXFileReference; fileEncoding = 4; lastKnownFileType = sourcecode.c.h; name = ZPCMSource.h; path = "../../../zoolib-contrib/ZPCMSource.h"; sourceTree = SOURCE_ROOT; };
		2701F4C20AFEFFF100B87012 /* ZPCMSource.cpp */ = {isa = PBXFileReference; fileEncoding = 30; lastKnownFileType = sourcecode.cpp.cpp; name = ZPCMSource.cpp; path = "../../../zoolib-contrib/ZPCMSource.cpp"; sourceTree = SOURCE_ROOT; };
		2701F4DD0AFF06BF00B87012 /* ZPCMSource_Mad.h */ = {isa = PBXFileReference; fileEncoding = 4; lastKnownFileType = sourcecode.c.h; name = ZPCMSource_Mad.h; path = "../../../zoolib-contrib/ZPCMSource_Mad.h"; sourceTree = SOURCE_ROOT; };
		2703994B0B0C6DE2000BD7C8 /* System.framework */ = {isa = PBXFileReference; lastKnownFileType = wrapper.framework; name = System.framework; path = /System/Library/Frameworks/System.framework; sourceTree = "<absolute>"; };
		2707C8520B0980140021E344 /* ogg.framework */ = {isa = PBXFileReference; lastKnownFileType = wrapper.framework; name = ogg.framework; path = "../../../Arch/mac-os-x/10.4/QA/ogg.framework"; sourceTree = SOURCE_ROOT; };
		2707C8530B0980140021E344 /* vorbis.framework */ = {isa = PBXFileReference; lastKnownFileType = wrapper.framework; name = vorbis.framework; path = "../../../Arch/mac-os-x/10.4/QA/vorbis.framework"; sourceTree = SOURCE_ROOT; };
		2707C8540B0980140021E344 /* Mad.framework */ = {isa = PBXFileReference; lastKnownFileType = wrapper.framework; name = Mad.framework; path = "../../../Arch/mac-os-x/10.4/QA/Mad.framework"; sourceTree = SOURCE_ROOT; };
		2707C8550B0980140021E344 /* ID3Tag.framework */ = {isa = PBXFileReference; lastKnownFileType = wrapper.framework; name = ID3Tag.framework; path = "../../../Arch/mac-os-x/10.4/QA/ID3Tag.framework"; sourceTree = SOURCE_ROOT; };
		2707C8DC0B0987BF0021E344 /* Mad.framework */ = {isa = PBXFileReference; lastKnownFileType = wrapper.framework; name = Mad.framework; path = "../../../Arch/mac-os-x/10.3/QA/Mad.framework"; sourceTree = SOURCE_ROOT; };
		2707C8DD0B0987BF0021E344 /* ID3Tag.framework */ = {isa = PBXFileReference; lastKnownFileType = wrapper.framework; name = ID3Tag.framework; path = "../../../Arch/mac-os-x/10.3/QA/ID3Tag.framework"; sourceTree = SOURCE_ROOT; };
		2707C8DE0B0987BF0021E344 /* ogg.framework */ = {isa = PBXFileReference; lastKnownFileType = wrapper.framework; name = ogg.framework; path = "../../../Arch/mac-os-x/10.3/QA/ogg.framework"; sourceTree = SOURCE_ROOT; };
		2707C8DF0B0987BF0021E344 /* vorbis.framework */ = {isa = PBXFileReference; lastKnownFileType = wrapper.framework; name = vorbis.framework; path = "../../../Arch/mac-os-x/10.3/QA/vorbis.framework"; sourceTree = SOURCE_ROOT; };
		27096A550B0AE157003EB35C /* ZFIFOVector.h */ = {isa = PBXFileReference; fileEncoding = 30; lastKnownFileType = sourcecode.c.h; name = ZFIFOVector.h; path = "../../../zoolib-contrib/ZFIFOVector.h"; sourceTree = SOURCE_ROOT; };
		2724BC5A0A4237A500633BF2 /* CoreAudio.framework */ = {isa = PBXFileReference; lastKnownFileType = wrapper.framework; name = CoreAudio.framework; path = /System/Library/Frameworks/CoreAudio.framework; sourceTree = "<absolute>"; };
		272C9D530A5C744300921232 /* libzoo.a */ = {isa = PBXFileReference; lastKnownFileType = archive.ar; name = libzoo.a; path = "../../../Arch/mac-os-x/10.4/Debug/libzoo.a"; sourceTree = SOURCE_ROOT; };
		2743C50C0A47656300FC5BE8 /* AudioToolbox.framework */ = {isa = PBXFileReference; lastKnownFileType = wrapper.framework; name = AudioToolbox.framework; path = /System/Library/Frameworks/AudioToolbox.framework; sourceTree = "<absolute>"; };
		2743C50D0A47656300FC5BE8 /* AudioUnit.framework */ = {isa = PBXFileReference; lastKnownFileType = wrapper.framework; name = AudioUnit.framework; path = /System/Library/Frameworks/AudioUnit.framework; sourceTree = "<absolute>"; };
		27813DE10A6C996E001E4224 /* FIFOReportPane.h */ = {isa = PBXFileReference; fileEncoding = 30; lastKnownFileType = sourcecode.c.h; name = FIFOReportPane.h; path = ../../../oggfrog/FIFOReportPane.h; sourceTree = SOURCE_ROOT; };
		27813DE20A6C996E001E4224 /* OFApp.cpp */ = {isa = PBXFileReference; fileEncoding = 30; lastKnownFileType = sourcecode.cpp.cpp; name = OFApp.cpp; path = ../../../oggfrog/OFApp.cpp; sourceTree = SOURCE_ROOT; };
		27813DE30A6C996E001E4224 /* OFApp.h */ = {isa = PBXFileReference; fileEncoding = 30; lastKnownFileType = sourcecode.c.h; name = OFApp.h; path = ../../../oggfrog/OFApp.h; sourceTree = SOURCE_ROOT; };
		27813DE40A6C996E001E4224 /* OFDiagnosticWindow.h */ = {isa = PBXFileReference; fileEncoding = 30; lastKnownFileType = sourcecode.c.h; name = OFDiagnosticWindow.h; path = ../../../oggfrog/OFDiagnosticWindow.h; sourceTree = SOURCE_ROOT; };
		27813DE50A6C996E001E4224 /* OggFrogConfig.h */ = {isa = PBXFileReference; fileEncoding = 30; lastKnownFileType = sourcecode.c.h; name = OggFrogConfig.h; path = ../../../oggfrog/OggFrogConfig.h; sourceTree = SOURCE_ROOT; };
		27813DFE0A6C9DC3001E4224 /* VorbisPlayer.h */ = {isa = PBXFileReference; fileEncoding = 30; lastKnownFileType = sourcecode.c.h; name = VorbisPlayer.h; path = "../../../zoolib-contrib/VorbisPlayer.h"; sourceTree = SOURCE_ROOT; };
		27813DFF0A6C9DC3001E4224 /* ZFIFOMonitor_PCM.h */ = {isa = PBXFileReference; fileEncoding = 30; lastKnownFileType = sourcecode.c.h; name = ZFIFOMonitor_PCM.h; path = "../../../zoolib-contrib/ZFIFOMonitor_PCM.h"; sourceTree = SOURCE_ROOT; };
		27813E000A6C9DC3001E4224 /* ZPCMQueue.cpp */ = {isa = PBXFileReference; fileEncoding = 30; lastKnownFileType = sourcecode.cpp.cpp; name = ZPCMQueue.cpp; path = "../../../zoolib-contrib/ZPCMQueue.cpp"; sourceTree = SOURCE_ROOT; };
		27813E010A6C9DC3001E4224 /* ZPCMQueue.h */ = {isa = PBXFileReference; fileEncoding = 30; lastKnownFileType = sourcecode.c.h; name = ZPCMQueue.h; path = "../../../zoolib-contrib/ZPCMQueue.h"; sourceTree = SOURCE_ROOT; };
		27813E020A6C9DC3001E4224 /* ZPCMSink_CoreAudio.h */ = {isa = PBXFileReference; fileEncoding = 30; lastKnownFileType = sourcecode.c.h; name = ZPCMSink_CoreAudio.h; path = "../../../zoolib-contrib/ZPCMSink_CoreAudio.h"; sourceTree = SOURCE_ROOT; };
		27813E030A6C9DC3001E4224 /* ZPCMSink_WinWaveOut.h */ = {isa = PBXFileReference; fileEncoding = 30; lastKnownFileType = sourcecode.c.h; name = ZPCMSink_WinWaveOut.h; path = "../../../zoolib-contrib/ZPCMSink_WinWaveOut.h"; sourceTree = SOURCE_ROOT; };
		27813E040A6C9DC3001E4224 /* ZPCMSink.cpp */ = {isa = PBXFileReference; fileEncoding = 30; lastKnownFileType = sourcecode.cpp.cpp; name = ZPCMSink.cpp; path = "../../../zoolib-contrib/ZPCMSink.cpp"; sourceTree = SOURCE_ROOT; };
		27813E050A6C9DC3001E4224 /* ZPCMSink.h */ = {isa = PBXFileReference; fileEncoding = 30; lastKnownFileType = sourcecode.c.h; name = ZPCMSink.h; path = "../../../zoolib-contrib/ZPCMSink.h"; sourceTree = SOURCE_ROOT; };
		27813E060A6C9DC3001E4224 /* ZUI_FuelGage.cpp */ = {isa = PBXFileReference; fileEncoding = 30; lastKnownFileType = sourcecode.cpp.cpp; name = ZUI_FuelGage.cpp; path = "../../../zoolib-contrib/ZUI_FuelGage.cpp"; sourceTree = SOURCE_ROOT; };
		27813E070A6C9DC3001E4224 /* ZUI_FuelGage.h */ = {isa = PBXFileReference; fileEncoding = 30; lastKnownFileType = sourcecode.c.h; name = ZUI_FuelGage.h; path = "../../../zoolib-contrib/ZUI_FuelGage.h"; sourceTree = SOURCE_ROOT; };
		27813E500A6CB747001E4224 /* OFDiagnosticWindow.cpp */ = {isa = PBXFileReference; fileEncoding = 30; lastKnownFileType = sourcecode.cpp.cpp; name = OFDiagnosticWindow.cpp; path = ../../../oggfrog/OFDiagnosticWindow.cpp; sourceTree = SOURCE_ROOT; };
		27813E680A6CB98A001E4224 /* ZPCMSink_CoreAudio.cpp */ = {isa = PBXFileReference; fileEncoding = 30; lastKnownFileType = sourcecode.cpp.cpp; name = ZPCMSink_CoreAudio.cpp; path = "../../../zoolib-contrib/ZPCMSink_CoreAudio.cpp"; sourceTree = SOURCE_ROOT; };
		27813E6F0A6CB9E2001E4224 /* VorbisPlayer.cpp */ = {isa = PBXFileReference; fileEncoding = 30; lastKnownFileType = sourcecode.cpp.cpp; name = VorbisPlayer.cpp; path = "../../../zoolib-contrib/VorbisPlayer.cpp"; sourceTree = SOURCE_ROOT; };
		27813E740A6CBA24001E4224 /* FIFOReportPane.cpp */ = {isa = PBXFileReference; fileEncoding = 30; lastKnownFileType = sourcecode.cpp.cpp; name = FIFOReportPane.cpp; path = ../../../oggfrog/FIFOReportPane.cpp; sourceTree = SOURCE_ROOT; };
		27813E7A0A6CBA77001E4224 /* ZFIFOMonitor_PCM.cpp */ = {isa = PBXFileReference; fileEncoding = 30; lastKnownFileType = sourcecode.cpp.cpp; name = ZFIFOMonitor_PCM.cpp; path = "../../../zoolib-contrib/ZFIFOMonitor_PCM.cpp"; sourceTree = SOURCE_ROOT; };
		279B9ACC0A5B9C380075F402 /* Ogg Frog.app */ = {isa = PBXFileReference; explicitFileType = wrapper.application; includeInIndex = 0; path = "Ogg Frog.app"; sourceTree = BUILT_PRODUCTS_DIR; };
		279B9ACE0A5B9C380075F402 /* Info-10.3.plist */ = {isa = PBXFileReference; lastKnownFileType = text.xml; path = "Info-10.3.plist"; sourceTree = "<group>"; };
		27CC6A730B1EC77000C458EA /* ZAudioPlayer.cpp */ = {isa = PBXFileReference; fileEncoding = 30; lastKnownFileType = sourcecode.cpp.cpp; name = ZAudioPlayer.cpp; path = "../../../zoolib-contrib/ZAudioPlayer.cpp"; sourceTree = SOURCE_ROOT; };
		27CC6A740B1EC77000C458EA /* ZAudioPlayer.h */ = {isa = PBXFileReference; fileEncoding = 30; lastKnownFileType = sourcecode.c.h; name = ZAudioPlayer.h; path = "../../../zoolib-contrib/ZAudioPlayer.h"; sourceTree = SOURCE_ROOT; };
		27E0DDC80A44927C00B4AAA0 /* Ogg Frog.app */ = {isa = PBXFileReference; includeInIndex = 0; lastKnownFileType = wrapper.application; path = "Ogg Frog.app"; sourceTree = BUILT_PRODUCTS_DIR; };
		27E0DDD20A4492DE00B4AAA0 /* OFMain.cpp */ = {isa = PBXFileReference; fileEncoding = 30; lastKnownFileType = sourcecode.cpp.cpp; name = OFMain.cpp; path = ../../../oggfrog/OFMain.cpp; sourceTree = SOURCE_ROOT; };
		27E1BE5B0A74DBCB00C1E76D /* OFDebug.h */ = {isa = PBXFileReference; fileEncoding = 4; lastKnownFileType = sourcecode.c.h; name = OFDebug.h; path = ../../../oggfrog/OFDebug.h; sourceTree = SOURCE_ROOT; };
		27E49A810AFF07F400DFB528 /* ZPCMSource_Mad.cpp */ = {isa = PBXFileReference; fileEncoding = 30; lastKnownFileType = sourcecode.cpp.cpp; name = ZPCMSource_Mad.cpp; path = "../../../zoolib-contrib/ZPCMSource_Mad.cpp"; sourceTree = SOURCE_ROOT; };
		4A9504C8FFE6A3BC11CA0CBA /* ApplicationServices.framework */ = {isa = PBXFileReference; lastKnownFileType = wrapper.framework; name = ApplicationServices.framework; path = /System/Library/Frameworks/ApplicationServices.framework; sourceTree = "<absolute>"; };
		4A9504CAFFE6A41611CA0CBA /* CoreServices.framework */ = {isa = PBXFileReference; lastKnownFileType = wrapper.framework; name = CoreServices.framework; path = /System/Library/Frameworks/CoreServices.framework; sourceTree = "<absolute>"; };
		8D0C4E960486CD37000505A6 /* Info-10.4u.plist */ = {isa = PBXFileReference; fileEncoding = 4; lastKnownFileType = text.xml; path = "Info-10.4u.plist"; sourceTree = "<group>"; };
/* End PBXFileReference section */

/* Begin PBXFrameworksBuildPhase section */
		279B9AC00A5B9C380075F402 /* Frameworks */ = {
			isa = PBXFrameworksBuildPhase;
			buildActionMask = 2147483647;
			files = (
				279B9AC10A5B9C380075F402 /* AudioToolbox.framework in Frameworks */,
				279B9AC20A5B9C380075F402 /* AudioUnit.framework in Frameworks */,
				272C9D550A5C744300921232 /* libzoo.a in Frameworks */,
				2707C8E00B0987BF0021E344 /* Mad.framework in Frameworks */,
				2707C8E10B0987BF0021E344 /* ID3Tag.framework in Frameworks */,
				2707C8E20B0987BF0021E344 /* ogg.framework in Frameworks */,
				2707C8E30B0987BF0021E344 /* vorbis.framework in Frameworks */,
				2703994C0B0C6DE2000BD7C8 /* System.framework in Frameworks */,
			);
			runOnlyForDeploymentPostprocessing = 0;
		};
		27E0DDC60A44927C00B4AAA0 /* Frameworks */ = {
			isa = PBXFrameworksBuildPhase;
			buildActionMask = 2147483647;
			files = (
				2743C50E0A47656300FC5BE8 /* AudioToolbox.framework in Frameworks */,
				2743C50F0A47656300FC5BE8 /* AudioUnit.framework in Frameworks */,
				272C9D540A5C744300921232 /* libzoo.a in Frameworks */,
				2707C85A0B0980140021E344 /* ogg.framework in Frameworks */,
				2707C85B0B0980140021E344 /* vorbis.framework in Frameworks */,
				2707C85C0B0980140021E344 /* Mad.framework in Frameworks */,
				2707C85D0B0980140021E344 /* ID3Tag.framework in Frameworks */,
				2703994D0B0C6DE2000BD7C8 /* System.framework in Frameworks */,
			);
			runOnlyForDeploymentPostprocessing = 0;
		};
/* End PBXFrameworksBuildPhase section */

/* Begin PBXGroup section */
		195DF8CFFE9D517E11CA2CBB /* Products */ = {
			isa = PBXGroup;
			children = (
				27E0DDC80A44927C00B4AAA0 /* Ogg Frog.app */,
				279B9ACC0A5B9C380075F402 /* Ogg Frog.app */,
			);
			name = Products;
			sourceTree = "<group>";
		};
		20286C29FDCF999611CA2CEA /* OggFrog */ = {
			isa = PBXGroup;
			children = (
				20286C2AFDCF999611CA2CEA /* Sources */,
				271281990A48D5FF0086C4DE /* ZooLib-Contrib */,
				20286C2CFDCF999611CA2CEA /* Resources */,
				20286C32FDCF999611CA2CEA /* External Frameworks and Libraries */,
				195DF8CFFE9D517E11CA2CBB /* Products */,
			);
			name = OggFrog;
			sourceTree = "<group>";
		};
		20286C2AFDCF999611CA2CEA /* Sources */ = {
			isa = PBXGroup;
			children = (
				27E1BE5B0A74DBCB00C1E76D /* OFDebug.h */,
				27813E500A6CB747001E4224 /* OFDiagnosticWindow.cpp */,
				27813DE40A6C996E001E4224 /* OFDiagnosticWindow.h */,
				27E0DDD20A4492DE00B4AAA0 /* OFMain.cpp */,
				27813DE10A6C996E001E4224 /* FIFOReportPane.h */,
				27813E740A6CBA24001E4224 /* FIFOReportPane.cpp */,
				27813DE20A6C996E001E4224 /* OFApp.cpp */,
				27813DE30A6C996E001E4224 /* OFApp.h */,
				27096A550B0AE157003EB35C /* ZFIFOVector.h */,
				27813DE50A6C996E001E4224 /* OggFrogConfig.h */,
			);
			name = Sources;
			sourceTree = "<group>";
		};
		20286C2CFDCF999611CA2CEA /* Resources */ = {
			isa = PBXGroup;
			children = (
				8D0C4E960486CD37000505A6 /* Info-10.4u.plist */,
				0867D6AAFE840B52C02AAC07 /* InfoPlist.strings */,
				279B9ACE0A5B9C380075F402 /* Info-10.3.plist */,
			);
			name = Resources;
			sourceTree = "<group>";
		};
		20286C32FDCF999611CA2CEA /* External Frameworks and Libraries */ = {
			isa = PBXGroup;
			children = (
				2739741A0A5E19DA004F9ECF /* Frameworks 10.3 */,
				273974160A5E19B9004F9ECF /* Frameworks 10.4 */,
				272C9D530A5C744300921232 /* libzoo.a */,
				2724BC5A0A4237A500633BF2 /* CoreAudio.framework */,
				2743C50C0A47656300FC5BE8 /* AudioToolbox.framework */,
				2743C50D0A47656300FC5BE8 /* AudioUnit.framework */,
				20286C33FDCF999611CA2CEA /* Carbon.framework */,
				4A9504CAFFE6A41611CA0CBA /* CoreServices.framework */,
				4A9504C8FFE6A3BC11CA0CBA /* ApplicationServices.framework */,
				2703994B0B0C6DE2000BD7C8 /* System.framework */,
			);
			name = "External Frameworks and Libraries";
			sourceTree = "<group>";
		};
		2707C84F0B097FFC0021E344 /* QA */ = {
			isa = PBXGroup;
			children = (
				2707C8520B0980140021E344 /* ogg.framework */,
				2707C8530B0980140021E344 /* vorbis.framework */,
				2707C8540B0980140021E344 /* Mad.framework */,
				2707C8550B0980140021E344 /* ID3Tag.framework */,
			);
			name = QA;
			sourceTree = "<group>";
		};
		2707C8D90B0987A00021E344 /* QA */ = {
			isa = PBXGroup;
			children = (
				2707C8DC0B0987BF0021E344 /* Mad.framework */,
				2707C8DD0B0987BF0021E344 /* ID3Tag.framework */,
				2707C8DE0B0987BF0021E344 /* ogg.framework */,
				2707C8DF0B0987BF0021E344 /* vorbis.framework */,
			);
			name = QA;
			sourceTree = "<group>";
		};
		271281990A48D5FF0086C4DE /* ZooLib-Contrib */ = {
			isa = PBXGroup;
			children = (
				27CC6A730B1EC77000C458EA /* ZAudioPlayer.cpp */,
				27CC6A740B1EC77000C458EA /* ZAudioPlayer.h */,
				2701F4970AFEFD2C00B87012 /* ZPCMSource.h */,
				27E49A810AFF07F400DFB528 /* ZPCMSource_Mad.cpp */,
				2701F4DD0AFF06BF00B87012 /* ZPCMSource_Mad.h */,
				2701F4C20AFEFFF100B87012 /* ZPCMSource.cpp */,
				27813E7A0A6CBA77001E4224 /* ZFIFOMonitor_PCM.cpp */,
				27813DFF0A6C9DC3001E4224 /* ZFIFOMonitor_PCM.h */,
				27813E6F0A6CB9E2001E4224 /* VorbisPlayer.cpp */,
				27813DFE0A6C9DC3001E4224 /* VorbisPlayer.h */,
				27813E680A6CB98A001E4224 /* ZPCMSink_CoreAudio.cpp */,
				27813E000A6C9DC3001E4224 /* ZPCMQueue.cpp */,
				27813E010A6C9DC3001E4224 /* ZPCMQueue.h */,
				27813E020A6C9DC3001E4224 /* ZPCMSink_CoreAudio.h */,
				27813E030A6C9DC3001E4224 /* ZPCMSink_WinWaveOut.h */,
				27813E040A6C9DC3001E4224 /* ZPCMSink.cpp */,
				27813E050A6C9DC3001E4224 /* ZPCMSink.h */,
				27813E060A6C9DC3001E4224 /* ZUI_FuelGage.cpp */,
				27813E070A6C9DC3001E4224 /* ZUI_FuelGage.h */,
			);
			name = "ZooLib-Contrib";
			sourceTree = "<group>";
		};
		273974160A5E19B9004F9ECF /* Frameworks 10.4 */ = {
			isa = PBXGroup;
			children = (
				2707C84F0B097FFC0021E344 /* QA */,
			);
			name = "Frameworks 10.4";
			sourceTree = "<group>";
		};
		2739741A0A5E19DA004F9ECF /* Frameworks 10.3 */ = {
			isa = PBXGroup;
			children = (
				2707C8D90B0987A00021E344 /* QA */,
			);
			name = "Frameworks 10.3";
			sourceTree = "<group>";
		};
/* End PBXGroup section */

/* Begin PBXNativeTarget section */
		279B9AB30A5B9C380075F402 /* OggFrog-10.3 */ = {
			isa = PBXNativeTarget;
			buildConfigurationList = 279B9AC90A5B9C380075F402 /* Build configuration list for PBXNativeTarget "OggFrog-10.3" */;
			buildPhases = (
				279B9AB40A5B9C380075F402 /* Resources */,
				279B9AB50A5B9C380075F402 /* Sources */,
				279B9AC00A5B9C380075F402 /* Frameworks */,
				273974220A5E1A37004F9ECF /* CopyFiles */,
			);
			buildRules = (
			);
			dependencies = (
			);
			name = "OggFrog-10.3";
			productName = "OggFrog-Debug";
			productReference = 279B9ACC0A5B9C380075F402 /* Ogg Frog.app */;
			productType = "com.apple.product-type.application";
		};
		27E0DDC70A44927C00B4AAA0 /* OggFrog-10.4u */ = {
			isa = PBXNativeTarget;
			buildConfigurationList = 27E0DDCB0A44927D00B4AAA0 /* Build configuration list for PBXNativeTarget "OggFrog-10.4u" */;
			buildPhases = (
				27E0DDC40A44927C00B4AAA0 /* Resources */,
				27E0DDC50A44927C00B4AAA0 /* Sources */,
				27E0DDC60A44927C00B4AAA0 /* Frameworks */,
				273974120A5E1992004F9ECF /* CopyFiles */,
			);
			buildRules = (
			);
			dependencies = (
			);
			name = "OggFrog-10.4u";
			productName = "OggFrog-Debug";
			productReference = 27E0DDC80A44927C00B4AAA0 /* Ogg Frog.app */;
			productType = "com.apple.product-type.application";
		};
/* End PBXNativeTarget section */

/* Begin PBXProject section */
		20286C28FDCF999611CA2CEA /* Project object */ = {
			isa = PBXProject;
			buildConfigurationList = C0E91AC908A95435008D54AB /* Build configuration list for PBXProject "OggFrog" */;
			hasScannedForEncodings = 1;
			mainGroup = 20286C29FDCF999611CA2CEA /* OggFrog */;
			projectDirPath = "";
			targets = (
				27E0DDC70A44927C00B4AAA0 /* OggFrog-10.4u */,
				279B9AB30A5B9C380075F402 /* OggFrog-10.3 */,
			);
		};
/* End PBXProject section */

/* Begin PBXResourcesBuildPhase section */
		279B9AB40A5B9C380075F402 /* Resources */ = {
			isa = PBXResourcesBuildPhase;
			buildActionMask = 2147483647;
			files = (
			);
			runOnlyForDeploymentPostprocessing = 0;
		};
		27E0DDC40A44927C00B4AAA0 /* Resources */ = {
			isa = PBXResourcesBuildPhase;
			buildActionMask = 2147483647;
			files = (
			);
			runOnlyForDeploymentPostprocessing = 0;
		};
/* End PBXResourcesBuildPhase section */

/* Begin PBXSourcesBuildPhase section */
		279B9AB50A5B9C380075F402 /* Sources */ = {
			isa = PBXSourcesBuildPhase;
			buildActionMask = 2147483647;
			files = (
				279B9AB70A5B9C380075F402 /* OFMain.cpp in Sources */,
				27813DE70A6C996E001E4224 /* OFApp.cpp in Sources */,
				27813E0A0A6C9DC3001E4224 /* ZPCMQueue.cpp in Sources */,
				27813E0E0A6C9DC3001E4224 /* ZPCMSink.cpp in Sources */,
				27813E100A6C9DC3001E4224 /* ZUI_FuelGage.cpp in Sources */,
				27813E520A6CB747001E4224 /* OFDiagnosticWindow.cpp in Sources */,
				27813E6A0A6CB98A001E4224 /* ZPCMSink_CoreAudio.cpp in Sources */,
				27813E710A6CB9E2001E4224 /* VorbisPlayer.cpp in Sources */,
				27813E760A6CBA24001E4224 /* FIFOReportPane.cpp in Sources */,
				27813E7C0A6CBA77001E4224 /* ZFIFOMonitor_PCM.cpp in Sources */,
				2701F4C30AFEFFF100B87012 /* ZPCMSource.cpp in Sources */,
				27E49A820AFF07F400DFB528 /* ZPCMSource_Mad.cpp in Sources */,
				27CC6A750B1EC77000C458EA /* ZAudioPlayer.cpp in Sources */,
			);
			runOnlyForDeploymentPostprocessing = 0;
		};
		27E0DDC50A44927C00B4AAA0 /* Sources */ = {
			isa = PBXSourcesBuildPhase;
			buildActionMask = 2147483647;
			files = (
				27E0DDD60A4492DE00B4AAA0 /* OFMain.cpp in Sources */,
				27813DEC0A6C996E001E4224 /* OFApp.cpp in Sources */,
				27813E140A6C9DC3001E4224 /* ZPCMQueue.cpp in Sources */,
				27813E180A6C9DC3001E4224 /* ZPCMSink.cpp in Sources */,
				27813E1A0A6C9DC3001E4224 /* ZUI_FuelGage.cpp in Sources */,
				27813E510A6CB747001E4224 /* OFDiagnosticWindow.cpp in Sources */,
				27813E690A6CB98A001E4224 /* ZPCMSink_CoreAudio.cpp in Sources */,
				27813E700A6CB9E2001E4224 /* VorbisPlayer.cpp in Sources */,
				27813E750A6CBA24001E4224 /* FIFOReportPane.cpp in Sources */,
				27813E7B0A6CBA77001E4224 /* ZFIFOMonitor_PCM.cpp in Sources */,
				2701F4C40AFEFFF200B87012 /* ZPCMSource.cpp in Sources */,
				27E49A830AFF07F400DFB528 /* ZPCMSource_Mad.cpp in Sources */,
				27CC6A770B1EC77000C458EA /* ZAudioPlayer.cpp in Sources */,
			);
			runOnlyForDeploymentPostprocessing = 0;
		};
/* End PBXSourcesBuildPhase section */

/* Begin PBXVariantGroup section */
		0867D6AAFE840B52C02AAC07 /* InfoPlist.strings */ = {
			isa = PBXVariantGroup;
			children = (
				0867D6ABFE840B52C02AAC07 /* English */,
			);
			name = InfoPlist.strings;
			sourceTree = "<group>";
		};
/* End PBXVariantGroup section */

/* Begin XCBuildConfiguration section */
		27947E6F0A5DC75F00798A95 /* QA */ = {
			isa = XCBuildConfiguration;
			buildSettings = {
				ARCHS = (
					i386,
					ppc,
				);
				COPY_PHASE_STRIP = NO;
				DEPLOYMENT_LOCATION = NO;
				DEPLOYMENT_POSTPROCESSING = NO;
				DSTROOT = "";
				FRAMEWORK_SEARCH_PATHS = (
					"$(BUILT_PRODUCTS_DIR)",
					"$(inherited)",
					"$(FRAMEWORK_SEARCH_PATHS_QUOTED_1)",
					"$(FRAMEWORK_SEARCH_PATHS_QUOTED_2)",
					"$(FRAMEWORK_SEARCH_PATHS_QUOTED_3)",
					"$(FRAMEWORK_SEARCH_PATHS_QUOTED_4)",
					"$(FRAMEWORK_SEARCH_PATHS_QUOTED_5)",
					"$(FRAMEWORK_SEARCH_PATHS_QUOTED_6)",
					"$(FRAMEWORK_SEARCH_PATHS_QUOTED_7)",
					"$(FRAMEWORK_SEARCH_PATHS_QUOTED_8)",
					"$(FRAMEWORK_SEARCH_PATHS_QUOTED_1)",
					"$(FRAMEWORK_SEARCH_PATHS_QUOTED_2)",
					"$(FRAMEWORK_SEARCH_PATHS_QUOTED_1)",
					"$(FRAMEWORK_SEARCH_PATHS_QUOTED_2)",
					"$(FRAMEWORK_SEARCH_PATHS_QUOTED_3)",
					"$(FRAMEWORK_SEARCH_PATHS_QUOTED_4)",
					"$(FRAMEWORK_SEARCH_PATHS_QUOTED_1)",
					"$(FRAMEWORK_SEARCH_PATHS_QUOTED_2)",
					"$(FRAMEWORK_SEARCH_PATHS_QUOTED_3)",
					"$(FRAMEWORK_SEARCH_PATHS_QUOTED_4)",
					"$(FRAMEWORK_SEARCH_PATHS_QUOTED_5)",
					"$(FRAMEWORK_SEARCH_PATHS_QUOTED_6)",
					"$(FRAMEWORK_SEARCH_PATHS_QUOTED_7)",
					"$(FRAMEWORK_SEARCH_PATHS_QUOTED_8)",
					"$(FRAMEWORK_SEARCH_PATHS_QUOTED_9)",
					"$(FRAMEWORK_SEARCH_PATHS_QUOTED_10)",
				);
				FRAMEWORK_SEARCH_PATHS_QUOTED_1 = "\"$(SRCROOT)/../../../Arch/mac-os-x/10.4/Debug\"";
				FRAMEWORK_SEARCH_PATHS_QUOTED_10 = "\"$(SRCROOT)/../../../Arch/mac-os-x/10.3/QA\"";
				FRAMEWORK_SEARCH_PATHS_QUOTED_2 = "\"$(SRCROOT)/../../../Arch/mac-os-x/10.4/Release\"";
				FRAMEWORK_SEARCH_PATHS_QUOTED_3 = "\"$(SRCROOT)/../../../Arch/mac-os-x/10.4/Release\"";
				FRAMEWORK_SEARCH_PATHS_QUOTED_4 = "\"$(SRCROOT)/../../../Arch/mac-os-x/10.4/Debug\"";
				FRAMEWORK_SEARCH_PATHS_QUOTED_5 = "\"$(SRCROOT)/../../../Arch/mac-os-x/10.4/QA\"";
				FRAMEWORK_SEARCH_PATHS_QUOTED_6 = "\"$(SRCROOT)/../../../Arch/mac-os-x/10.4/Debug\"";
				FRAMEWORK_SEARCH_PATHS_QUOTED_7 = "\"$(SRCROOT)/../../../Arch/mac-os-x/10.4/Debug\"";
				FRAMEWORK_SEARCH_PATHS_QUOTED_8 = "\"$(SRCROOT)/../../../Arch/mac-os-x/10.4/Debug\"";
				FRAMEWORK_SEARCH_PATHS_QUOTED_9 = "\"$(SRCROOT)/../../../Arch/mac-os-x/10.4/QA\"";
				GCC_DYNAMIC_NO_PIC = YES;
				GCC_ENABLE_FIX_AND_CONTINUE = YES;
				GCC_GENERATE_DEBUGGING_SYMBOLS = YES;
				GCC_MODEL_TUNING = G4;
				GCC_OPTIMIZATION_LEVEL = s;
				GCC_PRECOMPILE_PREFIX_HEADER = NO;
				GCC_PREFIX_HEADER = ../XCode_Prefix.pch;
				INFOPLIST_FILE = "Info-10.4u.plist";
				INSTALL_MODE_FLAG = "a-w,a+rX";
				INSTALL_PATH = "";
				LIBRARY_SEARCH_PATHS = (
					"$(SYMROOT)/$(MAXOSX_DEPLOYMENT_TARGET)/$(CONFIGURATION)",
					"$(LIBRARY_SEARCH_PATHS)",
					"$(SRCROOT)",
					"$(LIBRARY_SEARCH_PATHS_QUOTED_1)",
					"$(LIBRARY_SEARCH_PATHS_QUOTED_2)",
					"$(LIBRARY_SEARCH_PATHS_QUOTED_3)",
					"$(LIBRARY_SEARCH_PATHS_QUOTED_4)",
					"$(LIBRARY_SEARCH_PATHS_QUOTED_5)",
					"$(LIBRARY_SEARCH_PATHS_QUOTED_6)",
					"$(LIBRARY_SEARCH_PATHS_QUOTED_7)",
					"$(LIBRARY_SEARCH_PATHS_QUOTED_1)",
					"$(LIBRARY_SEARCH_PATHS_QUOTED_1)",
				);
				LIBRARY_SEARCH_PATHS_QUOTED_1 = "\"$(SRCROOT)/../../../Arch/mac-os-x/10.4/Debug\"";
				MACOSX_DEPLOYMENT_TARGET = 10.4;
				OBJROOT = "$(SYMROOT)/build";
				OTHER_LDFLAGS = (
					"-framework",
					Carbon,
				);
				PREBINDING = NO;
				PRODUCT_NAME = "Ogg Frog";
				SKIP_INSTALL = NO;
				STRIP_INSTALLED_PRODUCT = NO;
				SYMROOT = "$(SYMROOT)/$(MACOSX_DEPLOYMENT_TARGET)";
				USER_HEADER_SEARCH_PATHS = "../../../libid3tag ../../../libmad ../../../include/$(CONFIGURATION) ../../../libogg/include ../../../libvorbis/include ../../../zoolib/src//** ../../../include/$(CONFIGURATION)";
				WRAPPER_EXTENSION = app;
				ZERO_LINK = NO;
			};
			name = QA;
		};
		27947E700A5DC75F00798A95 /* QA */ = {
			isa = XCBuildConfiguration;
			buildSettings = {
				ARCHS = ppc;
				COPY_PHASE_STRIP = YES;
				DEPLOYMENT_LOCATION = NO;
				DEPLOYMENT_POSTPROCESSING = NO;
				DSTROOT = "";
				FRAMEWORK_SEARCH_PATHS = (
					"$(SYMROOT)/$(MAXOSX_DEPLOYMENT_TARGET)/$(CONFIGURATION)",
					"$(inherited)",
					"$(FRAMEWORK_SEARCH_PATHS_QUOTED_1)",
					"$(FRAMEWORK_SEARCH_PATHS_QUOTED_2)",
					"$(FRAMEWORK_SEARCH_PATHS_QUOTED_3)",
					"$(FRAMEWORK_SEARCH_PATHS_QUOTED_4)",
					"$(FRAMEWORK_SEARCH_PATHS_QUOTED_5)",
					"$(FRAMEWORK_SEARCH_PATHS_QUOTED_6)",
					"$(FRAMEWORK_SEARCH_PATHS_QUOTED_7)",
					"$(FRAMEWORK_SEARCH_PATHS_QUOTED_8)",
					"$(FRAMEWORK_SEARCH_PATHS_QUOTED_1)",
					"$(FRAMEWORK_SEARCH_PATHS_QUOTED_2)",
					"$(FRAMEWORK_SEARCH_PATHS_QUOTED_1)",
					"$(FRAMEWORK_SEARCH_PATHS_QUOTED_2)",
					"$(FRAMEWORK_SEARCH_PATHS_QUOTED_1)",
					"$(FRAMEWORK_SEARCH_PATHS_QUOTED_2)",
					"$(FRAMEWORK_SEARCH_PATHS_QUOTED_3)",
					"$(FRAMEWORK_SEARCH_PATHS_QUOTED_4)",
					"$(FRAMEWORK_SEARCH_PATHS_QUOTED_5)",
					"$(FRAMEWORK_SEARCH_PATHS_QUOTED_6)",
				);
				FRAMEWORK_SEARCH_PATHS_QUOTED_1 = "\"$(SRCROOT)/../../../Arch/mac-os-x/10.3/Release\"";
				FRAMEWORK_SEARCH_PATHS_QUOTED_2 = "\"$(SRCROOT)/../../../Arch/mac-os-x/10.3/Release\"";
				FRAMEWORK_SEARCH_PATHS_QUOTED_3 = "\"$(SRCROOT)/../../../Arch/mac-os-x/10.3/Debug\"";
				FRAMEWORK_SEARCH_PATHS_QUOTED_4 = "\"$(SRCROOT)/../../../Arch/mac-os-x/10.4/Debug\"";
				FRAMEWORK_SEARCH_PATHS_QUOTED_5 = "\"$(SRCROOT)/../../../Arch/mac-os-x/10.4/QA\"";
				FRAMEWORK_SEARCH_PATHS_QUOTED_6 = "\"$(SRCROOT)/../../../Arch/mac-os-x/10.3/QA\"";
				GCC_DYNAMIC_NO_PIC = YES;
				GCC_ENABLE_FIX_AND_CONTINUE = YES;
				GCC_GENERATE_DEBUGGING_SYMBOLS = YES;
				GCC_MODEL_TUNING = G4;
				GCC_OPTIMIZATION_LEVEL = 0;
				GCC_PRECOMPILE_PREFIX_HEADER = NO;
				GCC_PREFIX_HEADER = ../XCode_Prefix.pch;
				INFOPLIST_FILE = "Info-10.3.plist";
				INSTALL_MODE_FLAG = "a-w,a+rX";
				INSTALL_PATH = "";
				LIBRARY_SEARCH_PATHS = (
					"$(SYMROOT)/$(MAXOSX_DEPLOYMENT_TARGET)/$(CONFIGURATION)",
					"$(LIBRARY_SEARCH_PATHS)",
					"$(SRCROOT)",
					"$(LIBRARY_SEARCH_PATHS_QUOTED_1)",
					"$(LIBRARY_SEARCH_PATHS_QUOTED_2)",
					"$(LIBRARY_SEARCH_PATHS_QUOTED_3)",
					"$(LIBRARY_SEARCH_PATHS_QUOTED_4)",
					"$(LIBRARY_SEARCH_PATHS_QUOTED_5)",
					"$(LIBRARY_SEARCH_PATHS_QUOTED_6)",
					"$(LIBRARY_SEARCH_PATHS_QUOTED_7)",
					"$(LIBRARY_SEARCH_PATHS_QUOTED_1)",
				);
				MACOSX_DEPLOYMENT_TARGET = 10.3;
				OBJROOT = "$(SYMROOT)/build";
				OTHER_LDFLAGS = (
					"-framework",
					Carbon,
				);
				PREBINDING = NO;
				PRODUCT_NAME = "Ogg Frog";
				SDKROOT = /Developer/SDKs/MacOSX10.3.9.sdk;
				SKIP_INSTALL = NO;
				STRIP_INSTALLED_PRODUCT = NO;
				SYMROOT = "$(SYMROOT)/$(MACOSX_DEPLOYMENT_TARGET)";
				USER_HEADER_SEARCH_PATHS = "../../../libmad ../../../libogg/include ../../../libvorbis/include ../../../zoolib/src//** ../../../include/$(CONFIGURATION) ../../../libid3tag";
				WRAPPER_EXTENSION = app;
				ZERO_LINK = NO;
			};
			name = QA;
		};
		27947E710A5DC75F00798A95 /* QA */ = {
			isa = XCBuildConfiguration;
			buildSettings = {
				ARCHS = (
					i386,
					ppc,
				);
				FRAMEWORK_SEARCH_PATHS = (
					/System/Library/Frameworks/ApplicationServices.framework/Frameworks,
					/System/Library/Frameworks/Carbon.framework/Frameworks,
					/System/Library/Frameworks/CoreServices.framework/Frameworks,
					"$(FRAMEWORK_SEARCH_PATHS)",
				);
				GCC_OPTIMIZATION_LEVEL = s;
				GCC_PREFIX_HEADER = ../XCode_Prefix.pch;
				GCC_WARN_ABOUT_RETURN_TYPE = YES;
				GCC_WARN_UNUSED_VARIABLE = YES;
				HEADER_SEARCH_PATHS = "$(HEADER_SEARCH_PATHS)";
				OBJROOT = "";
				PREBINDING = NO;
				SDKROOT = /Developer/SDKs/MacOSX10.4u.sdk;
				SKIP_INSTALL = NO;
				SYMROOT = "$(SYMROOT)";
				USER_HEADER_SEARCH_PATHS = "";
			};
			name = QA;
		};
		279B9ACA0A5B9C380075F402 /* Debug */ = {
			isa = XCBuildConfiguration;
			buildSettings = {
				ARCHS = ppc;
				BUILD_VARIANTS = normal;
				COPY_PHASE_STRIP = NO;
				DEPLOYMENT_LOCATION = NO;
				DEPLOYMENT_POSTPROCESSING = NO;
				DSTROOT = "";
				FRAMEWORK_SEARCH_PATHS = (
					"$(SYMROOT)/$(MAXOSX_DEPLOYMENT_TARGET)/$(CONFIGURATION)",
					"$(inherited)",
					"$(FRAMEWORK_SEARCH_PATHS_QUOTED_1)",
					"$(FRAMEWORK_SEARCH_PATHS_QUOTED_2)",
					"$(FRAMEWORK_SEARCH_PATHS_QUOTED_3)",
					"$(FRAMEWORK_SEARCH_PATHS_QUOTED_4)",
					"$(FRAMEWORK_SEARCH_PATHS_QUOTED_5)",
					"$(FRAMEWORK_SEARCH_PATHS_QUOTED_6)",
					"$(FRAMEWORK_SEARCH_PATHS_QUOTED_7)",
					"$(FRAMEWORK_SEARCH_PATHS_QUOTED_8)",
					"$(FRAMEWORK_SEARCH_PATHS_QUOTED_1)",
					"$(FRAMEWORK_SEARCH_PATHS_QUOTED_2)",
					"$(FRAMEWORK_SEARCH_PATHS_QUOTED_1)",
					"$(FRAMEWORK_SEARCH_PATHS_QUOTED_2)",
					"$(FRAMEWORK_SEARCH_PATHS_QUOTED_1)",
					"$(FRAMEWORK_SEARCH_PATHS_QUOTED_2)",
					"$(FRAMEWORK_SEARCH_PATHS_QUOTED_3)",
					"$(FRAMEWORK_SEARCH_PATHS_QUOTED_4)",
					"$(FRAMEWORK_SEARCH_PATHS_QUOTED_5)",
					"$(FRAMEWORK_SEARCH_PATHS_QUOTED_6)",
				);
				FRAMEWORK_SEARCH_PATHS_QUOTED_1 = "\"$(SRCROOT)/../../../Arch/mac-os-x/10.3/Release\"";
				FRAMEWORK_SEARCH_PATHS_QUOTED_2 = "\"$(SRCROOT)/../../../Arch/mac-os-x/10.3/Release\"";
				FRAMEWORK_SEARCH_PATHS_QUOTED_3 = "\"$(SRCROOT)/../../../Arch/mac-os-x/10.3/Debug\"";
				FRAMEWORK_SEARCH_PATHS_QUOTED_4 = "\"$(SRCROOT)/../../../Arch/mac-os-x/10.4/Debug\"";
				FRAMEWORK_SEARCH_PATHS_QUOTED_5 = "\"$(SRCROOT)/../../../Arch/mac-os-x/10.4/QA\"";
				FRAMEWORK_SEARCH_PATHS_QUOTED_6 = "\"$(SRCROOT)/../../../Arch/mac-os-x/10.3/QA\"";
				GCC_DYNAMIC_NO_PIC = YES;
				GCC_ENABLE_FIX_AND_CONTINUE = YES;
				GCC_GENERATE_DEBUGGING_SYMBOLS = YES;
				GCC_MODEL_TUNING = G4;
				GCC_OPTIMIZATION_LEVEL = 0;
				GCC_PRECOMPILE_PREFIX_HEADER = NO;
				GCC_PREFIX_HEADER = ../XCode_Prefix.pch;
				INFOPLIST_FILE = "Info-10.3.plist";
				INSTALL_MODE_FLAG = "a-w,a+rX";
				INSTALL_PATH = "";
				LIBRARY_SEARCH_PATHS = (
					"$(SYMROOT)/$(MAXOSX_DEPLOYMENT_TARGET)/$(CONFIGURATION)",
					"$(LIBRARY_SEARCH_PATHS)",
					"$(SRCROOT)",
					"$(LIBRARY_SEARCH_PATHS_QUOTED_1)",
					"$(LIBRARY_SEARCH_PATHS_QUOTED_2)",
					"$(LIBRARY_SEARCH_PATHS_QUOTED_3)",
					"$(LIBRARY_SEARCH_PATHS_QUOTED_4)",
					"$(LIBRARY_SEARCH_PATHS_QUOTED_5)",
					"$(LIBRARY_SEARCH_PATHS_QUOTED_6)",
					"$(LIBRARY_SEARCH_PATHS_QUOTED_7)",
					"$(LIBRARY_SEARCH_PATHS_QUOTED_1)",
				);
				MACOSX_DEPLOYMENT_TARGET = 10.3;
				OBJROOT = "$(SYMROOT)/build";
				OTHER_LDFLAGS = (
					"-framework",
					Carbon,
				);
				PREBINDING = NO;
				PRODUCT_NAME = "Ogg Frog";
				SDKROOT = /Developer/SDKs/MacOSX10.3.9.sdk;
				SKIP_INSTALL = NO;
				STRIP_INSTALLED_PRODUCT = NO;
				SYMROOT = "$(SYMROOT)/$(MACOSX_DEPLOYMENT_TARGET)";
				USER_HEADER_SEARCH_PATHS = "../../../libmad ../../../libogg/include ../../../libvorbis/include ../../../zoolib/src//** ../../../include/$(CONFIGURATION) ../../../libid3tag";
				WRAPPER_EXTENSION = app;
				ZERO_LINK = NO;
			};
			name = Debug;
		};
		279B9ACB0A5B9C380075F402 /* Release */ = {
			isa = XCBuildConfiguration;
			buildSettings = {
				ARCHS = ppc;
				COPY_PHASE_STRIP = YES;
				DEPLOYMENT_LOCATION = NO;
				DEPLOYMENT_POSTPROCESSING = NO;
				DSTROOT = "";
				FRAMEWORK_SEARCH_PATHS = (
					"$(SYMROOT)/$(MAXOSX_DEPLOYMENT_TARGET)/$(CONFIGURATION)",
					"$(inherited)",
					"$(FRAMEWORK_SEARCH_PATHS_QUOTED_1)",
					"$(FRAMEWORK_SEARCH_PATHS_QUOTED_2)",
					"$(FRAMEWORK_SEARCH_PATHS_QUOTED_3)",
					"$(FRAMEWORK_SEARCH_PATHS_QUOTED_4)",
					"$(FRAMEWORK_SEARCH_PATHS_QUOTED_5)",
					"$(FRAMEWORK_SEARCH_PATHS_QUOTED_6)",
					"$(FRAMEWORK_SEARCH_PATHS_QUOTED_7)",
					"$(FRAMEWORK_SEARCH_PATHS_QUOTED_8)",
					"$(FRAMEWORK_SEARCH_PATHS_QUOTED_1)",
					"$(FRAMEWORK_SEARCH_PATHS_QUOTED_2)",
					"$(FRAMEWORK_SEARCH_PATHS_QUOTED_1)",
					"$(FRAMEWORK_SEARCH_PATHS_QUOTED_2)",
					"$(FRAMEWORK_SEARCH_PATHS_QUOTED_1)",
					"$(FRAMEWORK_SEARCH_PATHS_QUOTED_2)",
					"$(FRAMEWORK_SEARCH_PATHS_QUOTED_3)",
					"$(FRAMEWORK_SEARCH_PATHS_QUOTED_4)",
					"$(FRAMEWORK_SEARCH_PATHS_QUOTED_5)",
					"$(FRAMEWORK_SEARCH_PATHS_QUOTED_6)",
				);
				FRAMEWORK_SEARCH_PATHS_QUOTED_1 = "\"$(SRCROOT)/../../../Arch/mac-os-x/10.3/Release\"";
				FRAMEWORK_SEARCH_PATHS_QUOTED_2 = "\"$(SRCROOT)/../../../Arch/mac-os-x/10.3/Release\"";
				FRAMEWORK_SEARCH_PATHS_QUOTED_3 = "\"$(SRCROOT)/../../../Arch/mac-os-x/10.3/Debug\"";
				FRAMEWORK_SEARCH_PATHS_QUOTED_4 = "\"$(SRCROOT)/../../../Arch/mac-os-x/10.4/Debug\"";
				FRAMEWORK_SEARCH_PATHS_QUOTED_5 = "\"$(SRCROOT)/../../../Arch/mac-os-x/10.4/QA\"";
				FRAMEWORK_SEARCH_PATHS_QUOTED_6 = "\"$(SRCROOT)/../../../Arch/mac-os-x/10.3/QA\"";
				GCC_DYNAMIC_NO_PIC = YES;
				GCC_ENABLE_FIX_AND_CONTINUE = YES;
				GCC_GENERATE_DEBUGGING_SYMBOLS = NO;
				GCC_MODEL_TUNING = G4;
				GCC_OPTIMIZATION_LEVEL = s;
				GCC_PRECOMPILE_PREFIX_HEADER = NO;
				GCC_PREFIX_HEADER = ../XCode_Prefix.pch;
				INFOPLIST_FILE = "Info-10.3.plist";
				INSTALL_MODE_FLAG = "a-w,a+rX";
				INSTALL_PATH = "";
				LIBRARY_SEARCH_PATHS = (
					"$(SYMROOT)/$(MAXOSX_DEPLOYMENT_TARGET)/$(CONFIGURATION)",
					"$(LIBRARY_SEARCH_PATHS)",
					"$(SRCROOT)",
					"$(LIBRARY_SEARCH_PATHS_QUOTED_1)",
					"$(LIBRARY_SEARCH_PATHS_QUOTED_2)",
					"$(LIBRARY_SEARCH_PATHS_QUOTED_3)",
					"$(LIBRARY_SEARCH_PATHS_QUOTED_4)",
					"$(LIBRARY_SEARCH_PATHS_QUOTED_5)",
					"$(LIBRARY_SEARCH_PATHS_QUOTED_6)",
					"$(LIBRARY_SEARCH_PATHS_QUOTED_7)",
					"$(LIBRARY_SEARCH_PATHS_QUOTED_1)",
				);
				MACOSX_DEPLOYMENT_TARGET = 10.3;
				OBJROOT = "$(SYMROOT)/build";
				OTHER_LDFLAGS = (
					"-framework",
					Carbon,
				);
				PREBINDING = NO;
				PRODUCT_NAME = "Ogg Frog";
				SDKROOT = /Developer/SDKs/MacOSX10.3.9.sdk;
				SKIP_INSTALL = NO;
				STRIP_INSTALLED_PRODUCT = YES;
				SYMROOT = "$(SYMROOT)/$(MACOSX_DEPLOYMENT_TARGET)";
				USER_HEADER_SEARCH_PATHS = "../../../libmad ../../../libogg/include ../../../libvorbis/include ../../../zoolib/src//** ../../../include/$(CONFIGURATION) ../../../libid3tag";
				WRAPPER_EXTENSION = app;
				ZERO_LINK = NO;
			};
			name = Release;
		};
		27E0DDCC0A44927D00B4AAA0 /* Debug */ = {
			isa = XCBuildConfiguration;
			buildSettings = {
				BUILD_VARIANTS = normal;
				COPY_PHASE_STRIP = NO;
				DEPLOYMENT_LOCATION = NO;
				DEPLOYMENT_POSTPROCESSING = NO;
				DSTROOT = "";
				FRAMEWORK_SEARCH_PATHS = (
					"$(BUILT_PRODUCTS_DIR)",
					"$(inherited)",
					"$(FRAMEWORK_SEARCH_PATHS_QUOTED_1)",
					"$(FRAMEWORK_SEARCH_PATHS_QUOTED_2)",
					"$(FRAMEWORK_SEARCH_PATHS_QUOTED_3)",
					"$(FRAMEWORK_SEARCH_PATHS_QUOTED_4)",
					"$(FRAMEWORK_SEARCH_PATHS_QUOTED_5)",
					"$(FRAMEWORK_SEARCH_PATHS_QUOTED_6)",
					"$(FRAMEWORK_SEARCH_PATHS_QUOTED_7)",
					"$(FRAMEWORK_SEARCH_PATHS_QUOTED_8)",
					"$(FRAMEWORK_SEARCH_PATHS_QUOTED_1)",
					"$(FRAMEWORK_SEARCH_PATHS_QUOTED_2)",
					"$(FRAMEWORK_SEARCH_PATHS_QUOTED_1)",
					"$(FRAMEWORK_SEARCH_PATHS_QUOTED_2)",
					"$(FRAMEWORK_SEARCH_PATHS_QUOTED_3)",
					"$(FRAMEWORK_SEARCH_PATHS_QUOTED_4)",
					"$(FRAMEWORK_SEARCH_PATHS_QUOTED_1)",
					"$(FRAMEWORK_SEARCH_PATHS_QUOTED_2)",
					"$(FRAMEWORK_SEARCH_PATHS_QUOTED_3)",
					"$(FRAMEWORK_SEARCH_PATHS_QUOTED_4)",
					"$(FRAMEWORK_SEARCH_PATHS_QUOTED_5)",
					"$(FRAMEWORK_SEARCH_PATHS_QUOTED_6)",
					"$(FRAMEWORK_SEARCH_PATHS_QUOTED_7)",
					"$(FRAMEWORK_SEARCH_PATHS_QUOTED_8)",
					"$(FRAMEWORK_SEARCH_PATHS_QUOTED_9)",
					"$(FRAMEWORK_SEARCH_PATHS_QUOTED_10)",
				);
				FRAMEWORK_SEARCH_PATHS_QUOTED_1 = "\"$(SRCROOT)/../../../Arch/mac-os-x/10.4/Debug\"";
				FRAMEWORK_SEARCH_PATHS_QUOTED_10 = "\"$(SRCROOT)/../../../Arch/mac-os-x/10.3/QA\"";
				FRAMEWORK_SEARCH_PATHS_QUOTED_2 = "\"$(SRCROOT)/../../../Arch/mac-os-x/10.4/Release\"";
				FRAMEWORK_SEARCH_PATHS_QUOTED_3 = "\"$(SRCROOT)/../../../Arch/mac-os-x/10.4/Release\"";
				FRAMEWORK_SEARCH_PATHS_QUOTED_4 = "\"$(SRCROOT)/../../../Arch/mac-os-x/10.4/Debug\"";
				FRAMEWORK_SEARCH_PATHS_QUOTED_5 = "\"$(SRCROOT)/../../../Arch/mac-os-x/10.4/QA\"";
				FRAMEWORK_SEARCH_PATHS_QUOTED_6 = "\"$(SRCROOT)/../../../Arch/mac-os-x/10.4/Debug\"";
				FRAMEWORK_SEARCH_PATHS_QUOTED_7 = "\"$(SRCROOT)/../../../Arch/mac-os-x/10.4/Debug\"";
				FRAMEWORK_SEARCH_PATHS_QUOTED_8 = "\"$(SRCROOT)/../../../Arch/mac-os-x/10.4/Debug\"";
				FRAMEWORK_SEARCH_PATHS_QUOTED_9 = "\"$(SRCROOT)/../../../Arch/mac-os-x/10.4/QA\"";
				GCC_DYNAMIC_NO_PIC = YES;
				GCC_ENABLE_FIX_AND_CONTINUE = YES;
				GCC_GENERATE_DEBUGGING_SYMBOLS = YES;
				GCC_MODEL_TUNING = G4;
				GCC_OPTIMIZATION_LEVEL = 0;
				GCC_PRECOMPILE_PREFIX_HEADER = NO;
				GCC_PREFIX_HEADER = ../XCode_Prefix.pch;
				INFOPLIST_FILE = "Info-10.4u.plist";
				INSTALL_MODE_FLAG = "a-w,a+rX";
				INSTALL_PATH = "";
				LIBRARY_SEARCH_PATHS = (
					"$(SYMROOT)/$(MAXOSX_DEPLOYMENT_TARGET)/$(CONFIGURATION)",
					"$(LIBRARY_SEARCH_PATHS)",
					"$(SRCROOT)",
					"$(LIBRARY_SEARCH_PATHS_QUOTED_1)",
					"$(LIBRARY_SEARCH_PATHS_QUOTED_2)",
					"$(LIBRARY_SEARCH_PATHS_QUOTED_3)",
					"$(LIBRARY_SEARCH_PATHS_QUOTED_4)",
					"$(LIBRARY_SEARCH_PATHS_QUOTED_5)",
					"$(LIBRARY_SEARCH_PATHS_QUOTED_6)",
					"$(LIBRARY_SEARCH_PATHS_QUOTED_7)",
					"$(LIBRARY_SEARCH_PATHS_QUOTED_1)",
					"$(LIBRARY_SEARCH_PATHS_QUOTED_1)",
				);
				MACOSX_DEPLOYMENT_TARGET = 10.4;
				OBJROOT = "$(SYMROOT)/build";
				OTHER_LDFLAGS = (
					"-framework",
					Carbon,
				);
				PREBINDING = NO;
				PRODUCT_NAME = "Ogg Frog";
				SKIP_INSTALL = NO;
				STRIP_INSTALLED_PRODUCT = NO;
				SYMROOT = "$(SYMROOT)/$(MACOSX_DEPLOYMENT_TARGET)";
				USER_HEADER_SEARCH_PATHS = "../../../libmad ../../../include/$(CONFIGURATION) ../../../libogg/include ../../../libvorbis/include ../../../zoolib/src//** ../../../include/$(CONFIGURATION) ../../../libid3tag";
				WRAPPER_EXTENSION = app;
				ZERO_LINK = NO;
			};
			name = Debug;
		};
		27E0DDF80A44967B00B4AAA0 /* Release */ = {
			isa = XCBuildConfiguration;
			buildSettings = {
				ARCHS = (
					i386,
					ppc,
				);
				COPY_PHASE_STRIP = YES;
				DEPLOYMENT_LOCATION = NO;
				DEPLOYMENT_POSTPROCESSING = NO;
				DSTROOT = "";
				FRAMEWORK_SEARCH_PATHS = (
					"$(BUILT_PRODUCTS_DIR)",
					"$(inherited)",
					"$(FRAMEWORK_SEARCH_PATHS_QUOTED_1)",
					"$(FRAMEWORK_SEARCH_PATHS_QUOTED_2)",
					"$(FRAMEWORK_SEARCH_PATHS_QUOTED_3)",
					"$(FRAMEWORK_SEARCH_PATHS_QUOTED_4)",
					"$(FRAMEWORK_SEARCH_PATHS_QUOTED_5)",
					"$(FRAMEWORK_SEARCH_PATHS_QUOTED_6)",
					"$(FRAMEWORK_SEARCH_PATHS_QUOTED_7)",
					"$(FRAMEWORK_SEARCH_PATHS_QUOTED_8)",
					"$(FRAMEWORK_SEARCH_PATHS_QUOTED_1)",
					"$(FRAMEWORK_SEARCH_PATHS_QUOTED_2)",
					"$(FRAMEWORK_SEARCH_PATHS_QUOTED_1)",
					"$(FRAMEWORK_SEARCH_PATHS_QUOTED_2)",
					"$(FRAMEWORK_SEARCH_PATHS_QUOTED_3)",
					"$(FRAMEWORK_SEARCH_PATHS_QUOTED_4)",
					"$(FRAMEWORK_SEARCH_PATHS_QUOTED_1)",
					"$(FRAMEWORK_SEARCH_PATHS_QUOTED_2)",
					"$(FRAMEWORK_SEARCH_PATHS_QUOTED_3)",
					"$(FRAMEWORK_SEARCH_PATHS_QUOTED_4)",
					"$(FRAMEWORK_SEARCH_PATHS_QUOTED_5)",
					"$(FRAMEWORK_SEARCH_PATHS_QUOTED_6)",
					"$(FRAMEWORK_SEARCH_PATHS_QUOTED_7)",
					"$(FRAMEWORK_SEARCH_PATHS_QUOTED_8)",
					"$(FRAMEWORK_SEARCH_PATHS_QUOTED_9)",
					"$(FRAMEWORK_SEARCH_PATHS_QUOTED_10)",
				);
				FRAMEWORK_SEARCH_PATHS_QUOTED_1 = "\"$(SRCROOT)/../../../Arch/mac-os-x/10.4/Debug\"";
				FRAMEWORK_SEARCH_PATHS_QUOTED_10 = "\"$(SRCROOT)/../../../Arch/mac-os-x/10.3/QA\"";
				FRAMEWORK_SEARCH_PATHS_QUOTED_2 = "\"$(SRCROOT)/../../../Arch/mac-os-x/10.4/Release\"";
				FRAMEWORK_SEARCH_PATHS_QUOTED_3 = "\"$(SRCROOT)/../../../Arch/mac-os-x/10.4/Release\"";
				FRAMEWORK_SEARCH_PATHS_QUOTED_4 = "\"$(SRCROOT)/../../../Arch/mac-os-x/10.4/Debug\"";
				FRAMEWORK_SEARCH_PATHS_QUOTED_5 = "\"$(SRCROOT)/../../../Arch/mac-os-x/10.4/QA\"";
				FRAMEWORK_SEARCH_PATHS_QUOTED_6 = "\"$(SRCROOT)/../../../Arch/mac-os-x/10.4/Debug\"";
				FRAMEWORK_SEARCH_PATHS_QUOTED_7 = "\"$(SRCROOT)/../../../Arch/mac-os-x/10.4/Debug\"";
				FRAMEWORK_SEARCH_PATHS_QUOTED_8 = "\"$(SRCROOT)/../../../Arch/mac-os-x/10.4/Debug\"";
				FRAMEWORK_SEARCH_PATHS_QUOTED_9 = "\"$(SRCROOT)/../../../Arch/mac-os-x/10.4/QA\"";
				GCC_DYNAMIC_NO_PIC = YES;
				GCC_ENABLE_FIX_AND_CONTINUE = YES;
				GCC_GENERATE_DEBUGGING_SYMBOLS = NO;
				GCC_MODEL_TUNING = G4;
				GCC_OPTIMIZATION_LEVEL = s;
				GCC_PRECOMPILE_PREFIX_HEADER = NO;
				GCC_PREFIX_HEADER = ../XCode_Prefix.pch;
				INFOPLIST_FILE = "Info-10.4u.plist";
				INSTALL_MODE_FLAG = "a-w,a+rX";
				INSTALL_PATH = "";
				LIBRARY_SEARCH_PATHS = (
					"$(SYMROOT)/$(MAXOSX_DEPLOYMENT_TARGET)/$(CONFIGURATION)",
					"$(LIBRARY_SEARCH_PATHS)",
					"$(SRCROOT)",
					"$(LIBRARY_SEARCH_PATHS_QUOTED_1)",
					"$(LIBRARY_SEARCH_PATHS_QUOTED_2)",
					"$(LIBRARY_SEARCH_PATHS_QUOTED_3)",
					"$(LIBRARY_SEARCH_PATHS_QUOTED_4)",
					"$(LIBRARY_SEARCH_PATHS_QUOTED_5)",
					"$(LIBRARY_SEARCH_PATHS_QUOTED_6)",
					"$(LIBRARY_SEARCH_PATHS_QUOTED_7)",
					"$(LIBRARY_SEARCH_PATHS_QUOTED_1)",
					"$(LIBRARY_SEARCH_PATHS_QUOTED_1)",
				);
				LIBRARY_SEARCH_PATHS_QUOTED_1 = "\"$(SRCROOT)/../../../Arch/mac-os-x/10.4/Debug\"";
				MACOSX_DEPLOYMENT_TARGET = 10.4;
				OBJROOT = "$(SYMROOT)/build";
				OTHER_LDFLAGS = (
					"-framework",
					Carbon,
				);
				PREBINDING = NO;
				PRODUCT_NAME = "Ogg Frog";
				SKIP_INSTALL = NO;
				STRIP_INSTALLED_PRODUCT = YES;
				SYMROOT = "$(SYMROOT)/$(MACOSX_DEPLOYMENT_TARGET)";
				USER_HEADER_SEARCH_PATHS = "../../../libid3tag ../../../libmad ../../../include/$(CONFIGURATION) ../../../libogg/include ../../../libvorbis/include ../../../zoolib/src//** ../../../include/$(CONFIGURATION)";
				WRAPPER_EXTENSION = app;
				ZERO_LINK = NO;
			};
			name = Release;
		};
		27E0DDF90A44967B00B4AAA0 /* Release */ = {
			isa = XCBuildConfiguration;
			buildSettings = {
				ARCHS = (
					i386,
					ppc,
				);
				FRAMEWORK_SEARCH_PATHS = (
					/System/Library/Frameworks/ApplicationServices.framework/Frameworks,
					/System/Library/Frameworks/Carbon.framework/Frameworks,
					/System/Library/Frameworks/CoreServices.framework/Frameworks,
					"$(FRAMEWORK_SEARCH_PATHS)",
				);
				GCC_OPTIMIZATION_LEVEL = s;
				GCC_PREFIX_HEADER = ../XCode_Prefix.pch;
				GCC_WARN_ABOUT_RETURN_TYPE = YES;
				GCC_WARN_UNUSED_VARIABLE = YES;
				HEADER_SEARCH_PATHS = "$(HEADER_SEARCH_PATHS)";
				OBJROOT = "";
				PREBINDING = NO;
				SDKROOT = /Developer/SDKs/MacOSX10.4u.sdk;
				SKIP_INSTALL = NO;
				SYMROOT = "$(SYMROOT)";
				USER_HEADER_SEARCH_PATHS = "";
			};
			name = Release;
		};
		C0E91ACA08A95435008D54AB /* Debug */ = {
			isa = XCBuildConfiguration;
			buildSettings = {
				BUILD_VARIANTS = normal;
				COPY_PHASE_STRIP = NO;
				FRAMEWORK_SEARCH_PATHS = (
					/System/Library/Frameworks/ApplicationServices.framework/Frameworks,
					/System/Library/Frameworks/Carbon.framework/Frameworks,
					/System/Library/Frameworks/CoreServices.framework/Frameworks,
					"$(FRAMEWORK_SEARCH_PATHS)",
				);
				GCC_OPTIMIZATION_LEVEL = 0;
				GCC_PREFIX_HEADER = ../XCode_Prefix.pch;
				GCC_WARN_ABOUT_RETURN_TYPE = YES;
				GCC_WARN_UNUSED_VARIABLE = YES;
				HEADER_SEARCH_PATHS = "$(HEADER_SEARCH_PATHS)";
				INFOPLIST_FILE = Info.plist;
				PREBINDING = NO;
				SDKROOT = /Developer/SDKs/MacOSX10.4u.sdk;
				SKIP_INSTALL = NO;
				STRIP_INSTALLED_PRODUCT = NO;
				SYMROOT = build;
				USER_HEADER_SEARCH_PATHS = "";
			};
			name = Debug;
		};
/* End XCBuildConfiguration section */

/* Begin XCConfigurationList section */
		279B9AC90A5B9C380075F402 /* Build configuration list for PBXNativeTarget "OggFrog-10.3" */ = {
			isa = XCConfigurationList;
			buildConfigurations = (
				279B9ACA0A5B9C380075F402 /* Debug */,
				279B9ACB0A5B9C380075F402 /* Release */,
				27947E700A5DC75F00798A95 /* QA */,
			);
			defaultConfigurationIsVisible = 0;
			defaultConfigurationName = Debug;
		};
		27E0DDCB0A44927D00B4AAA0 /* Build configuration list for PBXNativeTarget "OggFrog-10.4u" */ = {
			isa = XCConfigurationList;
			buildConfigurations = (
				27E0DDCC0A44927D00B4AAA0 /* Debug */,
				27E0DDF80A44967B00B4AAA0 /* Release */,
				27947E6F0A5DC75F00798A95 /* QA */,
			);
			defaultConfigurationIsVisible = 0;
			defaultConfigurationName = Debug;
		};
		C0E91AC908A95435008D54AB /* Build configuration list for PBXProject "OggFrog" */ = {
			isa = XCConfigurationList;
			buildConfigurations = (
				C0E91ACA08A95435008D54AB /* Debug */,
				27E0DDF90A44967B00B4AAA0 /* Release */,
				27947E710A5DC75F00798A95 /* QA */,
			);
			defaultConfigurationIsVisible = 0;
			defaultConfigurationName = Debug;
		};
/* End XCConfigurationList section */
	};
	rootObject = 20286C28FDCF999611CA2CEA /* Project object */;
}
